
Microsoft Visual Studio Solution File, Format Version 12.00
# Visual Studio 15
VisualStudioVersion = 15.0.27703.2026
MinimumVisualStudioVersion = 10.0.40219.1
Project("{F184B08F-C81C-45F6-A57F-5ABD9991F28F}") = "VMD", "VMD\VMD.vbproj", "{90379434-C390-440C-AC0C-5E455E6C2675}"
EndProject
Project("{2150E333-8FDC-42A3-9474-1A3956D46DE8}") = "runtime", "runtime", "{CB458A75-2590-4E29-A577-972D2C4878A0}"
EndProject
Project("{F184B08F-C81C-45F6-A57F-5ABD9991F28F}") = "47-dotnet_Microsoft.VisualBasic", "E:\repo\xDoc\Yilia\runtime\sciBASIC#\Microsoft.VisualBasic.Core\47-dotnet_Microsoft.VisualBasic.vbproj", "{FECCE1FD-E1D4-49E3-A668-60BB5E7AED99}"
EndProject
Project("{F184B08F-C81C-45F6-A57F-5ABD9991F28F}") = "BinaryData", "E:\repo\xDoc\Yilia\runtime\sciBASIC#\Data\BinaryData\BinaryData\BinaryData.vbproj", "{487D7C92-D05A-4908-BF81-E6BABA0BF592}"
EndProject
Project("{F184B08F-C81C-45F6-A57F-5ABD9991F28F}") = "VMD.Extensions", "VMD.Extensions\VMD.Extensions.vbproj", "{AC2E577B-1D0B-4165-9135-EA5569AA278F}"
EndProject
Project("{F184B08F-C81C-45F6-A57F-5ABD9991F28F}") = "test", "test\test.vbproj", "{D1E61B2A-E6FD-4610-8D20-D15E173C277B}"
EndProject
Project("{2150E333-8FDC-42A3-9474-1A3956D46DE8}") = "plugins", "plugins", "{1AE0E44D-B058-432D-A00D-AC55F863FDC9}"
EndProject
Project("{D954291E-2A0B-460D-934E-DC6B0785DB48}") = "SharedXml", "SharedXml\SharedXml.shproj", "{C840C033-DA67-4F97-971D-439629A279FC}"
EndProject
Project("{F184B08F-C81C-45F6-A57F-5ABD9991F28F}") = "PMX", "PMX\PMX.vbproj", "{6D0966AF-BAE1-4CED-8521-C81AAE01338D}"
EndProject
Project("{F184B08F-C81C-45F6-A57F-5ABD9991F28F}") = "wow-m2", "m2\wow-m2.vbproj", "{35A5D798-2D99-4F5E-B10A-D8E94A2DF153}"
EndProject
Project("{F184B08F-C81C-45F6-A57F-5ABD9991F28F}") = "MikuMikuDance.Math3D", "MikuMikuDance.Math3D\MikuMikuDance.Math3D.vbproj", "{DDBF8ACE-48F3-412C-AA83-A231044AE2CB}"
EndProject
Global
	GlobalSection(SharedMSBuildProjectFiles) = preSolution
		SharedXml\SharedXml.projitems*{35a5d798-2d99-4f5e-b10a-d8e94a2df153}*SharedItemsImports = 4
		SharedXml\SharedXml.projitems*{90379434-c390-440c-ac0c-5e455e6c2675}*SharedItemsImports = 4
		SharedXml\SharedXml.projitems*{c840c033-da67-4f97-971d-439629a279fc}*SharedItemsImports = 13
	EndGlobalSection
	GlobalSection(SolutionConfigurationPlatforms) = preSolution
		Biodeep_UNIX_x64|Any CPU = Biodeep_UNIX_x64|Any CPU
		Biodeep_UNIX_x64|x64 = Biodeep_UNIX_x64|x64
		Biodeep_UNIX_x64|x86 = Biodeep_UNIX_x64|x86
		Biodeep|Any CPU = Biodeep|Any CPU
		Biodeep|x64 = Biodeep|x64
		Biodeep|x86 = Biodeep|x86
		Debug|Any CPU = Debug|Any CPU
		Debug|x64 = Debug|x64
		Debug|x86 = Debug|x86
		DEMO|Any CPU = DEMO|Any CPU
		DEMO|x64 = DEMO|x64
		DEMO|x86 = DEMO|x86
		docs|Any CPU = docs|Any CPU
		docs|x64 = docs|x64
		docs|x86 = docs|x86
		GCModeller(Release_X64)|Any CPU = GCModeller(Release_X64)|Any CPU
		GCModeller(Release_X64)|x64 = GCModeller(Release_X64)|x64
		GCModeller(Release_X64)|x86 = GCModeller(Release_X64)|x86
		GCModeller(UNIX-Release_X64)|Any CPU = GCModeller(UNIX-Release_X64)|Any CPU
		GCModeller(UNIX-Release_X64)|x64 = GCModeller(UNIX-Release_X64)|x64
		GCModeller(UNIX-Release_X64)|x86 = GCModeller(UNIX-Release_X64)|x86
		installer_x64|Any CPU = installer_x64|Any CPU
		installer_x64|x64 = installer_x64|x64
		installer_x64|x86 = installer_x64|x86
		mysqli_X64_release|Any CPU = mysqli_X64_release|Any CPU
		mysqli_X64_release|x64 = mysqli_X64_release|x64
		mysqli_X64_release|x86 = mysqli_X64_release|x86
		ProteoWizard.d|Any CPU = ProteoWizard.d|Any CPU
		ProteoWizard.d|x64 = ProteoWizard.d|x64
		ProteoWizard.d|x86 = ProteoWizard.d|x86
		Publish|Any CPU = Publish|Any CPU
		Publish|x64 = Publish|x64
		Publish|x86 = Publish|x86
		Release|Any CPU = Release|Any CPU
		Release|x64 = Release|x64
		Release|x86 = Release|x86
		sciBASIC.NET-test-release|Any CPU = sciBASIC.NET-test-release|Any CPU
		sciBASIC.NET-test-release|x64 = sciBASIC.NET-test-release|x64
		sciBASIC.NET-test-release|x86 = sciBASIC.NET-test-release|x86
		Surveillance-of-infectious-diseases|Any CPU = Surveillance-of-infectious-diseases|Any CPU
		Surveillance-of-infectious-diseases|x64 = Surveillance-of-infectious-diseases|x64
		Surveillance-of-infectious-diseases|x86 = Surveillance-of-infectious-diseases|x86
		Yilia-Release_x64|Any CPU = Yilia-Release_x64|Any CPU
		Yilia-Release_x64|x64 = Yilia-Release_x64|x64
		Yilia-Release_x64|x86 = Yilia-Release_x64|x86
	EndGlobalSection
	GlobalSection(ProjectConfigurationPlatforms) = postSolution
		{90379434-C390-440C-AC0C-5E455E6C2675}.Biodeep_UNIX_x64|Any CPU.ActiveCfg = Release|Any CPU
		{90379434-C390-440C-AC0C-5E455E6C2675}.Biodeep_UNIX_x64|Any CPU.Build.0 = Release|Any CPU
		{90379434-C390-440C-AC0C-5E455E6C2675}.Biodeep_UNIX_x64|x64.ActiveCfg = Release|Any CPU
		{90379434-C390-440C-AC0C-5E455E6C2675}.Biodeep_UNIX_x64|x64.Build.0 = Release|Any CPU
		{90379434-C390-440C-AC0C-5E455E6C2675}.Biodeep_UNIX_x64|x86.ActiveCfg = Release|Any CPU
		{90379434-C390-440C-AC0C-5E455E6C2675}.Biodeep_UNIX_x64|x86.Build.0 = Release|Any CPU
		{90379434-C390-440C-AC0C-5E455E6C2675}.Biodeep|Any CPU.ActiveCfg = Release|Any CPU
		{90379434-C390-440C-AC0C-5E455E6C2675}.Biodeep|Any CPU.Build.0 = Release|Any CPU
		{90379434-C390-440C-AC0C-5E455E6C2675}.Biodeep|x64.ActiveCfg = Release|Any CPU
		{90379434-C390-440C-AC0C-5E455E6C2675}.Biodeep|x64.Build.0 = Release|Any CPU
		{90379434-C390-440C-AC0C-5E455E6C2675}.Biodeep|x86.ActiveCfg = Release|Any CPU
		{90379434-C390-440C-AC0C-5E455E6C2675}.Biodeep|x86.Build.0 = Release|Any CPU
		{90379434-C390-440C-AC0C-5E455E6C2675}.Debug|Any CPU.ActiveCfg = Debug|Any CPU
		{90379434-C390-440C-AC0C-5E455E6C2675}.Debug|Any CPU.Build.0 = Debug|Any CPU
		{90379434-C390-440C-AC0C-5E455E6C2675}.Debug|x64.ActiveCfg = Debug|x64
		{90379434-C390-440C-AC0C-5E455E6C2675}.Debug|x64.Build.0 = Debug|x64
		{90379434-C390-440C-AC0C-5E455E6C2675}.Debug|x86.ActiveCfg = Debug|Any CPU
		{90379434-C390-440C-AC0C-5E455E6C2675}.Debug|x86.Build.0 = Debug|Any CPU
		{90379434-C390-440C-AC0C-5E455E6C2675}.DEMO|Any CPU.ActiveCfg = Debug|Any CPU
		{90379434-C390-440C-AC0C-5E455E6C2675}.DEMO|Any CPU.Build.0 = Debug|Any CPU
		{90379434-C390-440C-AC0C-5E455E6C2675}.DEMO|x64.ActiveCfg = Debug|Any CPU
		{90379434-C390-440C-AC0C-5E455E6C2675}.DEMO|x64.Build.0 = Debug|Any CPU
		{90379434-C390-440C-AC0C-5E455E6C2675}.DEMO|x86.ActiveCfg = Debug|Any CPU
		{90379434-C390-440C-AC0C-5E455E6C2675}.DEMO|x86.Build.0 = Debug|Any CPU
		{90379434-C390-440C-AC0C-5E455E6C2675}.docs|Any CPU.ActiveCfg = Debug|Any CPU
		{90379434-C390-440C-AC0C-5E455E6C2675}.docs|Any CPU.Build.0 = Debug|Any CPU
		{90379434-C390-440C-AC0C-5E455E6C2675}.docs|x64.ActiveCfg = Debug|Any CPU
		{90379434-C390-440C-AC0C-5E455E6C2675}.docs|x64.Build.0 = Debug|Any CPU
		{90379434-C390-440C-AC0C-5E455E6C2675}.docs|x86.ActiveCfg = Debug|Any CPU
		{90379434-C390-440C-AC0C-5E455E6C2675}.docs|x86.Build.0 = Debug|Any CPU
		{90379434-C390-440C-AC0C-5E455E6C2675}.GCModeller(Release_X64)|Any CPU.ActiveCfg = Release|Any CPU
		{90379434-C390-440C-AC0C-5E455E6C2675}.GCModeller(Release_X64)|Any CPU.Build.0 = Release|Any CPU
		{90379434-C390-440C-AC0C-5E455E6C2675}.GCModeller(Release_X64)|x64.ActiveCfg = Release|Any CPU
		{90379434-C390-440C-AC0C-5E455E6C2675}.GCModeller(Release_X64)|x64.Build.0 = Release|Any CPU
		{90379434-C390-440C-AC0C-5E455E6C2675}.GCModeller(Release_X64)|x86.ActiveCfg = Release|Any CPU
		{90379434-C390-440C-AC0C-5E455E6C2675}.GCModeller(Release_X64)|x86.Build.0 = Release|Any CPU
		{90379434-C390-440C-AC0C-5E455E6C2675}.GCModeller(UNIX-Release_X64)|Any CPU.ActiveCfg = Release|Any CPU
		{90379434-C390-440C-AC0C-5E455E6C2675}.GCModeller(UNIX-Release_X64)|Any CPU.Build.0 = Release|Any CPU
		{90379434-C390-440C-AC0C-5E455E6C2675}.GCModeller(UNIX-Release_X64)|x64.ActiveCfg = Release|Any CPU
		{90379434-C390-440C-AC0C-5E455E6C2675}.GCModeller(UNIX-Release_X64)|x64.Build.0 = Release|Any CPU
		{90379434-C390-440C-AC0C-5E455E6C2675}.GCModeller(UNIX-Release_X64)|x86.ActiveCfg = Release|Any CPU
		{90379434-C390-440C-AC0C-5E455E6C2675}.GCModeller(UNIX-Release_X64)|x86.Build.0 = Release|Any CPU
		{90379434-C390-440C-AC0C-5E455E6C2675}.installer_x64|Any CPU.ActiveCfg = Release|Any CPU
		{90379434-C390-440C-AC0C-5E455E6C2675}.installer_x64|Any CPU.Build.0 = Release|Any CPU
		{90379434-C390-440C-AC0C-5E455E6C2675}.installer_x64|x64.ActiveCfg = Release|Any CPU
		{90379434-C390-440C-AC0C-5E455E6C2675}.installer_x64|x64.Build.0 = Release|Any CPU
		{90379434-C390-440C-AC0C-5E455E6C2675}.installer_x64|x86.ActiveCfg = Release|Any CPU
		{90379434-C390-440C-AC0C-5E455E6C2675}.installer_x64|x86.Build.0 = Release|Any CPU
		{90379434-C390-440C-AC0C-5E455E6C2675}.mysqli_X64_release|Any CPU.ActiveCfg = Release|Any CPU
		{90379434-C390-440C-AC0C-5E455E6C2675}.mysqli_X64_release|Any CPU.Build.0 = Release|Any CPU
		{90379434-C390-440C-AC0C-5E455E6C2675}.mysqli_X64_release|x64.ActiveCfg = Release|Any CPU
		{90379434-C390-440C-AC0C-5E455E6C2675}.mysqli_X64_release|x64.Build.0 = Release|Any CPU
		{90379434-C390-440C-AC0C-5E455E6C2675}.mysqli_X64_release|x86.ActiveCfg = Release|Any CPU
		{90379434-C390-440C-AC0C-5E455E6C2675}.mysqli_X64_release|x86.Build.0 = Release|Any CPU
		{90379434-C390-440C-AC0C-5E455E6C2675}.ProteoWizard.d|Any CPU.ActiveCfg = Release|Any CPU
		{90379434-C390-440C-AC0C-5E455E6C2675}.ProteoWizard.d|Any CPU.Build.0 = Release|Any CPU
		{90379434-C390-440C-AC0C-5E455E6C2675}.ProteoWizard.d|x64.ActiveCfg = Release|Any CPU
		{90379434-C390-440C-AC0C-5E455E6C2675}.ProteoWizard.d|x64.Build.0 = Release|Any CPU
		{90379434-C390-440C-AC0C-5E455E6C2675}.ProteoWizard.d|x86.ActiveCfg = Release|Any CPU
		{90379434-C390-440C-AC0C-5E455E6C2675}.ProteoWizard.d|x86.Build.0 = Release|Any CPU
		{90379434-C390-440C-AC0C-5E455E6C2675}.Publish|Any CPU.ActiveCfg = Release|Any CPU
		{90379434-C390-440C-AC0C-5E455E6C2675}.Publish|Any CPU.Build.0 = Release|Any CPU
		{90379434-C390-440C-AC0C-5E455E6C2675}.Publish|x64.ActiveCfg = Release|Any CPU
		{90379434-C390-440C-AC0C-5E455E6C2675}.Publish|x64.Build.0 = Release|Any CPU
		{90379434-C390-440C-AC0C-5E455E6C2675}.Publish|x86.ActiveCfg = Release|Any CPU
		{90379434-C390-440C-AC0C-5E455E6C2675}.Publish|x86.Build.0 = Release|Any CPU
		{90379434-C390-440C-AC0C-5E455E6C2675}.Release|Any CPU.ActiveCfg = Release|Any CPU
		{90379434-C390-440C-AC0C-5E455E6C2675}.Release|Any CPU.Build.0 = Release|Any CPU
		{90379434-C390-440C-AC0C-5E455E6C2675}.Release|x64.ActiveCfg = Release|Any CPU
		{90379434-C390-440C-AC0C-5E455E6C2675}.Release|x64.Build.0 = Release|Any CPU
		{90379434-C390-440C-AC0C-5E455E6C2675}.Release|x86.ActiveCfg = Release|Any CPU
		{90379434-C390-440C-AC0C-5E455E6C2675}.Release|x86.Build.0 = Release|Any CPU
		{90379434-C390-440C-AC0C-5E455E6C2675}.sciBASIC.NET-test-release|Any CPU.ActiveCfg = Release|Any CPU
		{90379434-C390-440C-AC0C-5E455E6C2675}.sciBASIC.NET-test-release|Any CPU.Build.0 = Release|Any CPU
		{90379434-C390-440C-AC0C-5E455E6C2675}.sciBASIC.NET-test-release|x64.ActiveCfg = Release|Any CPU
		{90379434-C390-440C-AC0C-5E455E6C2675}.sciBASIC.NET-test-release|x64.Build.0 = Release|Any CPU
		{90379434-C390-440C-AC0C-5E455E6C2675}.sciBASIC.NET-test-release|x86.ActiveCfg = Release|Any CPU
		{90379434-C390-440C-AC0C-5E455E6C2675}.sciBASIC.NET-test-release|x86.Build.0 = Release|Any CPU
		{90379434-C390-440C-AC0C-5E455E6C2675}.Surveillance-of-infectious-diseases|Any CPU.ActiveCfg = Release|Any CPU
		{90379434-C390-440C-AC0C-5E455E6C2675}.Surveillance-of-infectious-diseases|Any CPU.Build.0 = Release|Any CPU
		{90379434-C390-440C-AC0C-5E455E6C2675}.Surveillance-of-infectious-diseases|x64.ActiveCfg = Release|Any CPU
		{90379434-C390-440C-AC0C-5E455E6C2675}.Surveillance-of-infectious-diseases|x64.Build.0 = Release|Any CPU
		{90379434-C390-440C-AC0C-5E455E6C2675}.Surveillance-of-infectious-diseases|x86.ActiveCfg = Release|Any CPU
		{90379434-C390-440C-AC0C-5E455E6C2675}.Surveillance-of-infectious-diseases|x86.Build.0 = Release|Any CPU
		{90379434-C390-440C-AC0C-5E455E6C2675}.Yilia-Release_x64|Any CPU.ActiveCfg = Release|Any CPU
		{90379434-C390-440C-AC0C-5E455E6C2675}.Yilia-Release_x64|Any CPU.Build.0 = Release|Any CPU
		{90379434-C390-440C-AC0C-5E455E6C2675}.Yilia-Release_x64|x64.ActiveCfg = Release|Any CPU
		{90379434-C390-440C-AC0C-5E455E6C2675}.Yilia-Release_x64|x64.Build.0 = Release|Any CPU
		{90379434-C390-440C-AC0C-5E455E6C2675}.Yilia-Release_x64|x86.ActiveCfg = Release|Any CPU
		{90379434-C390-440C-AC0C-5E455E6C2675}.Yilia-Release_x64|x86.Build.0 = Release|Any CPU
		{FECCE1FD-E1D4-49E3-A668-60BB5E7AED99}.Biodeep_UNIX_x64|Any CPU.ActiveCfg = Biodeep_UNIX_x64|Any CPU
		{FECCE1FD-E1D4-49E3-A668-60BB5E7AED99}.Biodeep_UNIX_x64|Any CPU.Build.0 = Biodeep_UNIX_x64|Any CPU
		{FECCE1FD-E1D4-49E3-A668-60BB5E7AED99}.Biodeep_UNIX_x64|x64.ActiveCfg = Biodeep_UNIX_x64|x64
		{FECCE1FD-E1D4-49E3-A668-60BB5E7AED99}.Biodeep_UNIX_x64|x64.Build.0 = Biodeep_UNIX_x64|x64
		{FECCE1FD-E1D4-49E3-A668-60BB5E7AED99}.Biodeep_UNIX_x64|x86.ActiveCfg = Biodeep_UNIX_x64|x86
		{FECCE1FD-E1D4-49E3-A668-60BB5E7AED99}.Biodeep_UNIX_x64|x86.Build.0 = Biodeep_UNIX_x64|x86
		{FECCE1FD-E1D4-49E3-A668-60BB5E7AED99}.Biodeep|Any CPU.ActiveCfg = Biodeep|Any CPU
		{FECCE1FD-E1D4-49E3-A668-60BB5E7AED99}.Biodeep|Any CPU.Build.0 = Biodeep|Any CPU
		{FECCE1FD-E1D4-49E3-A668-60BB5E7AED99}.Biodeep|x64.ActiveCfg = Biodeep|x64
		{FECCE1FD-E1D4-49E3-A668-60BB5E7AED99}.Biodeep|x64.Build.0 = Biodeep|x64
		{FECCE1FD-E1D4-49E3-A668-60BB5E7AED99}.Biodeep|x86.ActiveCfg = Biodeep|x86
		{FECCE1FD-E1D4-49E3-A668-60BB5E7AED99}.Biodeep|x86.Build.0 = Biodeep|x86
		{FECCE1FD-E1D4-49E3-A668-60BB5E7AED99}.Debug|Any CPU.ActiveCfg = Debug|Any CPU
		{FECCE1FD-E1D4-49E3-A668-60BB5E7AED99}.Debug|Any CPU.Build.0 = Debug|Any CPU
		{FECCE1FD-E1D4-49E3-A668-60BB5E7AED99}.Debug|x64.ActiveCfg = Debug|x64
		{FECCE1FD-E1D4-49E3-A668-60BB5E7AED99}.Debug|x64.Build.0 = Debug|x64
		{FECCE1FD-E1D4-49E3-A668-60BB5E7AED99}.Debug|x86.ActiveCfg = Debug|x86
		{FECCE1FD-E1D4-49E3-A668-60BB5E7AED99}.Debug|x86.Build.0 = Debug|x86
		{FECCE1FD-E1D4-49E3-A668-60BB5E7AED99}.DEMO|Any CPU.ActiveCfg = DEMO|Any CPU
		{FECCE1FD-E1D4-49E3-A668-60BB5E7AED99}.DEMO|Any CPU.Build.0 = DEMO|Any CPU
		{FECCE1FD-E1D4-49E3-A668-60BB5E7AED99}.DEMO|x64.ActiveCfg = DEMO|x64
		{FECCE1FD-E1D4-49E3-A668-60BB5E7AED99}.DEMO|x64.Build.0 = DEMO|x64
		{FECCE1FD-E1D4-49E3-A668-60BB5E7AED99}.DEMO|x86.ActiveCfg = DEMO|x86
		{FECCE1FD-E1D4-49E3-A668-60BB5E7AED99}.DEMO|x86.Build.0 = DEMO|x86
		{FECCE1FD-E1D4-49E3-A668-60BB5E7AED99}.docs|Any CPU.ActiveCfg = docs|Any CPU
		{FECCE1FD-E1D4-49E3-A668-60BB5E7AED99}.docs|Any CPU.Build.0 = docs|Any CPU
		{FECCE1FD-E1D4-49E3-A668-60BB5E7AED99}.docs|x64.ActiveCfg = docs|x64
		{FECCE1FD-E1D4-49E3-A668-60BB5E7AED99}.docs|x64.Build.0 = docs|x64
		{FECCE1FD-E1D4-49E3-A668-60BB5E7AED99}.docs|x86.ActiveCfg = docs|x86
		{FECCE1FD-E1D4-49E3-A668-60BB5E7AED99}.docs|x86.Build.0 = docs|x86
		{FECCE1FD-E1D4-49E3-A668-60BB5E7AED99}.GCModeller(Release_X64)|Any CPU.ActiveCfg = GCModeller(Release_X64)|Any CPU
		{FECCE1FD-E1D4-49E3-A668-60BB5E7AED99}.GCModeller(Release_X64)|Any CPU.Build.0 = GCModeller(Release_X64)|Any CPU
		{FECCE1FD-E1D4-49E3-A668-60BB5E7AED99}.GCModeller(Release_X64)|x64.ActiveCfg = GCModeller(Release_X64)|x64
		{FECCE1FD-E1D4-49E3-A668-60BB5E7AED99}.GCModeller(Release_X64)|x64.Build.0 = GCModeller(Release_X64)|x64
		{FECCE1FD-E1D4-49E3-A668-60BB5E7AED99}.GCModeller(Release_X64)|x86.ActiveCfg = GCModeller(Release_X64)|x86
		{FECCE1FD-E1D4-49E3-A668-60BB5E7AED99}.GCModeller(Release_X64)|x86.Build.0 = GCModeller(Release_X64)|x86
		{FECCE1FD-E1D4-49E3-A668-60BB5E7AED99}.GCModeller(UNIX-Release_X64)|Any CPU.ActiveCfg = GCModeller(UNIX-Release_X64)|Any CPU
		{FECCE1FD-E1D4-49E3-A668-60BB5E7AED99}.GCModeller(UNIX-Release_X64)|Any CPU.Build.0 = GCModeller(UNIX-Release_X64)|Any CPU
		{FECCE1FD-E1D4-49E3-A668-60BB5E7AED99}.GCModeller(UNIX-Release_X64)|x64.ActiveCfg = GCModeller(UNIX-Release_X64)|x64
		{FECCE1FD-E1D4-49E3-A668-60BB5E7AED99}.GCModeller(UNIX-Release_X64)|x64.Build.0 = GCModeller(UNIX-Release_X64)|x64
		{FECCE1FD-E1D4-49E3-A668-60BB5E7AED99}.GCModeller(UNIX-Release_X64)|x86.ActiveCfg = GCModeller(UNIX-Release_X64)|x86
		{FECCE1FD-E1D4-49E3-A668-60BB5E7AED99}.GCModeller(UNIX-Release_X64)|x86.Build.0 = GCModeller(UNIX-Release_X64)|x86
		{FECCE1FD-E1D4-49E3-A668-60BB5E7AED99}.installer_x64|Any CPU.ActiveCfg = installer_x64|Any CPU
		{FECCE1FD-E1D4-49E3-A668-60BB5E7AED99}.installer_x64|Any CPU.Build.0 = installer_x64|Any CPU
		{FECCE1FD-E1D4-49E3-A668-60BB5E7AED99}.installer_x64|x64.ActiveCfg = installer_x64|x64
		{FECCE1FD-E1D4-49E3-A668-60BB5E7AED99}.installer_x64|x64.Build.0 = installer_x64|x64
		{FECCE1FD-E1D4-49E3-A668-60BB5E7AED99}.installer_x64|x86.ActiveCfg = installer_x64|x86
		{FECCE1FD-E1D4-49E3-A668-60BB5E7AED99}.installer_x64|x86.Build.0 = installer_x64|x86
		{FECCE1FD-E1D4-49E3-A668-60BB5E7AED99}.mysqli_X64_release|Any CPU.ActiveCfg = mysqli_X64_release|Any CPU
		{FECCE1FD-E1D4-49E3-A668-60BB5E7AED99}.mysqli_X64_release|Any CPU.Build.0 = mysqli_X64_release|Any CPU
		{FECCE1FD-E1D4-49E3-A668-60BB5E7AED99}.mysqli_X64_release|x64.ActiveCfg = mysqli_X64_release|x64
		{FECCE1FD-E1D4-49E3-A668-60BB5E7AED99}.mysqli_X64_release|x64.Build.0 = mysqli_X64_release|x64
		{FECCE1FD-E1D4-49E3-A668-60BB5E7AED99}.mysqli_X64_release|x86.ActiveCfg = mysqli_X64_release|x86
		{FECCE1FD-E1D4-49E3-A668-60BB5E7AED99}.mysqli_X64_release|x86.Build.0 = mysqli_X64_release|x86
		{FECCE1FD-E1D4-49E3-A668-60BB5E7AED99}.ProteoWizard.d|Any CPU.ActiveCfg = ProteoWizard.d|Any CPU
		{FECCE1FD-E1D4-49E3-A668-60BB5E7AED99}.ProteoWizard.d|Any CPU.Build.0 = ProteoWizard.d|Any CPU
		{FECCE1FD-E1D4-49E3-A668-60BB5E7AED99}.ProteoWizard.d|x64.ActiveCfg = ProteoWizard.d|x64
		{FECCE1FD-E1D4-49E3-A668-60BB5E7AED99}.ProteoWizard.d|x64.Build.0 = ProteoWizard.d|x64
		{FECCE1FD-E1D4-49E3-A668-60BB5E7AED99}.ProteoWizard.d|x86.ActiveCfg = ProteoWizard.d|x86
		{FECCE1FD-E1D4-49E3-A668-60BB5E7AED99}.ProteoWizard.d|x86.Build.0 = ProteoWizard.d|x86
		{FECCE1FD-E1D4-49E3-A668-60BB5E7AED99}.Publish|Any CPU.ActiveCfg = Publish|Any CPU
		{FECCE1FD-E1D4-49E3-A668-60BB5E7AED99}.Publish|Any CPU.Build.0 = Publish|Any CPU
		{FECCE1FD-E1D4-49E3-A668-60BB5E7AED99}.Publish|x64.ActiveCfg = Publish|x64
		{FECCE1FD-E1D4-49E3-A668-60BB5E7AED99}.Publish|x64.Build.0 = Publish|x64
		{FECCE1FD-E1D4-49E3-A668-60BB5E7AED99}.Publish|x86.ActiveCfg = Publish|x86
		{FECCE1FD-E1D4-49E3-A668-60BB5E7AED99}.Publish|x86.Build.0 = Publish|x86
		{FECCE1FD-E1D4-49E3-A668-60BB5E7AED99}.Release|Any CPU.ActiveCfg = Release|Any CPU
		{FECCE1FD-E1D4-49E3-A668-60BB5E7AED99}.Release|Any CPU.Build.0 = Release|Any CPU
		{FECCE1FD-E1D4-49E3-A668-60BB5E7AED99}.Release|x64.ActiveCfg = Release|x64
		{FECCE1FD-E1D4-49E3-A668-60BB5E7AED99}.Release|x64.Build.0 = Release|x64
		{FECCE1FD-E1D4-49E3-A668-60BB5E7AED99}.Release|x86.ActiveCfg = Release|x86
		{FECCE1FD-E1D4-49E3-A668-60BB5E7AED99}.Release|x86.Build.0 = Release|x86
		{FECCE1FD-E1D4-49E3-A668-60BB5E7AED99}.sciBASIC.NET-test-release|Any CPU.ActiveCfg = sciBASIC.NET-test-release|Any CPU
		{FECCE1FD-E1D4-49E3-A668-60BB5E7AED99}.sciBASIC.NET-test-release|Any CPU.Build.0 = sciBASIC.NET-test-release|Any CPU
		{FECCE1FD-E1D4-49E3-A668-60BB5E7AED99}.sciBASIC.NET-test-release|x64.ActiveCfg = sciBASIC.NET-test-release|x64
		{FECCE1FD-E1D4-49E3-A668-60BB5E7AED99}.sciBASIC.NET-test-release|x64.Build.0 = sciBASIC.NET-test-release|x64
		{FECCE1FD-E1D4-49E3-A668-60BB5E7AED99}.sciBASIC.NET-test-release|x86.ActiveCfg = sciBASIC.NET-test-release|x86
		{FECCE1FD-E1D4-49E3-A668-60BB5E7AED99}.sciBASIC.NET-test-release|x86.Build.0 = sciBASIC.NET-test-release|x86
		{FECCE1FD-E1D4-49E3-A668-60BB5E7AED99}.Surveillance-of-infectious-diseases|Any CPU.ActiveCfg = Surveillance-of-infectious-diseases|Any CPU
		{FECCE1FD-E1D4-49E3-A668-60BB5E7AED99}.Surveillance-of-infectious-diseases|Any CPU.Build.0 = Surveillance-of-infectious-diseases|Any CPU
		{FECCE1FD-E1D4-49E3-A668-60BB5E7AED99}.Surveillance-of-infectious-diseases|x64.ActiveCfg = Surveillance-of-infectious-diseases|x64
		{FECCE1FD-E1D4-49E3-A668-60BB5E7AED99}.Surveillance-of-infectious-diseases|x64.Build.0 = Surveillance-of-infectious-diseases|x64
		{FECCE1FD-E1D4-49E3-A668-60BB5E7AED99}.Surveillance-of-infectious-diseases|x86.ActiveCfg = Surveillance-of-infectious-diseases|x86
		{FECCE1FD-E1D4-49E3-A668-60BB5E7AED99}.Surveillance-of-infectious-diseases|x86.Build.0 = Surveillance-of-infectious-diseases|x86
		{FECCE1FD-E1D4-49E3-A668-60BB5E7AED99}.Yilia-Release_x64|Any CPU.ActiveCfg = Yilia-Release_x64|Any CPU
		{FECCE1FD-E1D4-49E3-A668-60BB5E7AED99}.Yilia-Release_x64|Any CPU.Build.0 = Yilia-Release_x64|Any CPU
		{FECCE1FD-E1D4-49E3-A668-60BB5E7AED99}.Yilia-Release_x64|x64.ActiveCfg = Yilia-Release_x64|x64
		{FECCE1FD-E1D4-49E3-A668-60BB5E7AED99}.Yilia-Release_x64|x64.Build.0 = Yilia-Release_x64|x64
		{FECCE1FD-E1D4-49E3-A668-60BB5E7AED99}.Yilia-Release_x64|x86.ActiveCfg = Yilia-Release_x64|x86
		{FECCE1FD-E1D4-49E3-A668-60BB5E7AED99}.Yilia-Release_x64|x86.Build.0 = Yilia-Release_x64|x86
		{487D7C92-D05A-4908-BF81-E6BABA0BF592}.Biodeep_UNIX_x64|Any CPU.ActiveCfg = Biodeep|Any CPU
		{487D7C92-D05A-4908-BF81-E6BABA0BF592}.Biodeep_UNIX_x64|Any CPU.Build.0 = Biodeep|Any CPU
		{487D7C92-D05A-4908-BF81-E6BABA0BF592}.Biodeep_UNIX_x64|x64.ActiveCfg = Biodeep|x64
		{487D7C92-D05A-4908-BF81-E6BABA0BF592}.Biodeep_UNIX_x64|x64.Build.0 = Biodeep|x64
		{487D7C92-D05A-4908-BF81-E6BABA0BF592}.Biodeep_UNIX_x64|x86.ActiveCfg = Biodeep|Any CPU
		{487D7C92-D05A-4908-BF81-E6BABA0BF592}.Biodeep_UNIX_x64|x86.Build.0 = Biodeep|Any CPU
		{487D7C92-D05A-4908-BF81-E6BABA0BF592}.Biodeep|Any CPU.ActiveCfg = Biodeep|Any CPU
		{487D7C92-D05A-4908-BF81-E6BABA0BF592}.Biodeep|Any CPU.Build.0 = Biodeep|Any CPU
		{487D7C92-D05A-4908-BF81-E6BABA0BF592}.Biodeep|x64.ActiveCfg = Biodeep|x64
		{487D7C92-D05A-4908-BF81-E6BABA0BF592}.Biodeep|x64.Build.0 = Biodeep|x64
		{487D7C92-D05A-4908-BF81-E6BABA0BF592}.Biodeep|x86.ActiveCfg = Biodeep|Any CPU
		{487D7C92-D05A-4908-BF81-E6BABA0BF592}.Biodeep|x86.Build.0 = Biodeep|Any CPU
		{487D7C92-D05A-4908-BF81-E6BABA0BF592}.Debug|Any CPU.ActiveCfg = Debug|Any CPU
		{487D7C92-D05A-4908-BF81-E6BABA0BF592}.Debug|Any CPU.Build.0 = Debug|Any CPU
		{487D7C92-D05A-4908-BF81-E6BABA0BF592}.Debug|x64.ActiveCfg = Debug|x64
		{487D7C92-D05A-4908-BF81-E6BABA0BF592}.Debug|x64.Build.0 = Debug|x64
		{487D7C92-D05A-4908-BF81-E6BABA0BF592}.Debug|x86.ActiveCfg = Debug|Any CPU
		{487D7C92-D05A-4908-BF81-E6BABA0BF592}.Debug|x86.Build.0 = Debug|Any CPU
		{487D7C92-D05A-4908-BF81-E6BABA0BF592}.DEMO|Any CPU.ActiveCfg = Debug|Any CPU
		{487D7C92-D05A-4908-BF81-E6BABA0BF592}.DEMO|Any CPU.Build.0 = Debug|Any CPU
		{487D7C92-D05A-4908-BF81-E6BABA0BF592}.DEMO|x64.ActiveCfg = Debug|x64
		{487D7C92-D05A-4908-BF81-E6BABA0BF592}.DEMO|x64.Build.0 = Debug|x64
		{487D7C92-D05A-4908-BF81-E6BABA0BF592}.DEMO|x86.ActiveCfg = Debug|Any CPU
		{487D7C92-D05A-4908-BF81-E6BABA0BF592}.DEMO|x86.Build.0 = Debug|Any CPU
		{487D7C92-D05A-4908-BF81-E6BABA0BF592}.docs|Any CPU.ActiveCfg = docs|Any CPU
		{487D7C92-D05A-4908-BF81-E6BABA0BF592}.docs|Any CPU.Build.0 = docs|Any CPU
		{487D7C92-D05A-4908-BF81-E6BABA0BF592}.docs|x64.ActiveCfg = docs|x64
		{487D7C92-D05A-4908-BF81-E6BABA0BF592}.docs|x64.Build.0 = docs|x64
		{487D7C92-D05A-4908-BF81-E6BABA0BF592}.docs|x86.ActiveCfg = docs|Any CPU
		{487D7C92-D05A-4908-BF81-E6BABA0BF592}.docs|x86.Build.0 = docs|Any CPU
		{487D7C92-D05A-4908-BF81-E6BABA0BF592}.GCModeller(Release_X64)|Any CPU.ActiveCfg = GCModeller(Release_X64)|Any CPU
		{487D7C92-D05A-4908-BF81-E6BABA0BF592}.GCModeller(Release_X64)|Any CPU.Build.0 = GCModeller(Release_X64)|Any CPU
		{487D7C92-D05A-4908-BF81-E6BABA0BF592}.GCModeller(Release_X64)|x64.ActiveCfg = GCModeller(Release_X64)|x64
		{487D7C92-D05A-4908-BF81-E6BABA0BF592}.GCModeller(Release_X64)|x64.Build.0 = GCModeller(Release_X64)|x64
		{487D7C92-D05A-4908-BF81-E6BABA0BF592}.GCModeller(Release_X64)|x86.ActiveCfg = GCModeller(Release_X64)|Any CPU
		{487D7C92-D05A-4908-BF81-E6BABA0BF592}.GCModeller(Release_X64)|x86.Build.0 = GCModeller(Release_X64)|Any CPU
		{487D7C92-D05A-4908-BF81-E6BABA0BF592}.GCModeller(UNIX-Release_X64)|Any CPU.ActiveCfg = GCModeller(UNIX-Release_X64)|Any CPU
		{487D7C92-D05A-4908-BF81-E6BABA0BF592}.GCModeller(UNIX-Release_X64)|Any CPU.Build.0 = GCModeller(UNIX-Release_X64)|Any CPU
		{487D7C92-D05A-4908-BF81-E6BABA0BF592}.GCModeller(UNIX-Release_X64)|x64.ActiveCfg = GCModeller(UNIX-Release_X64)|x64
		{487D7C92-D05A-4908-BF81-E6BABA0BF592}.GCModeller(UNIX-Release_X64)|x64.Build.0 = GCModeller(UNIX-Release_X64)|x64
		{487D7C92-D05A-4908-BF81-E6BABA0BF592}.GCModeller(UNIX-Release_X64)|x86.ActiveCfg = GCModeller(UNIX-Release_X64)|Any CPU
		{487D7C92-D05A-4908-BF81-E6BABA0BF592}.GCModeller(UNIX-Release_X64)|x86.Build.0 = GCModeller(UNIX-Release_X64)|Any CPU
		{487D7C92-D05A-4908-BF81-E6BABA0BF592}.installer_x64|Any CPU.ActiveCfg = installer_x64|Any CPU
		{487D7C92-D05A-4908-BF81-E6BABA0BF592}.installer_x64|Any CPU.Build.0 = installer_x64|Any CPU
		{487D7C92-D05A-4908-BF81-E6BABA0BF592}.installer_x64|x64.ActiveCfg = installer_x64|x64
		{487D7C92-D05A-4908-BF81-E6BABA0BF592}.installer_x64|x64.Build.0 = installer_x64|x64
		{487D7C92-D05A-4908-BF81-E6BABA0BF592}.installer_x64|x86.ActiveCfg = installer_x64|Any CPU
		{487D7C92-D05A-4908-BF81-E6BABA0BF592}.installer_x64|x86.Build.0 = installer_x64|Any CPU
		{487D7C92-D05A-4908-BF81-E6BABA0BF592}.mysqli_X64_release|Any CPU.ActiveCfg = Biodeep|Any CPU
		{487D7C92-D05A-4908-BF81-E6BABA0BF592}.mysqli_X64_release|Any CPU.Build.0 = Biodeep|Any CPU
		{487D7C92-D05A-4908-BF81-E6BABA0BF592}.mysqli_X64_release|x64.ActiveCfg = Biodeep|x64
		{487D7C92-D05A-4908-BF81-E6BABA0BF592}.mysqli_X64_release|x64.Build.0 = Biodeep|x64
		{487D7C92-D05A-4908-BF81-E6BABA0BF592}.mysqli_X64_release|x86.ActiveCfg = Biodeep|Any CPU
		{487D7C92-D05A-4908-BF81-E6BABA0BF592}.mysqli_X64_release|x86.Build.0 = Biodeep|Any CPU
		{487D7C92-D05A-4908-BF81-E6BABA0BF592}.ProteoWizard.d|Any CPU.ActiveCfg = Publish|Any CPU
		{487D7C92-D05A-4908-BF81-E6BABA0BF592}.ProteoWizard.d|Any CPU.Build.0 = Publish|Any CPU
		{487D7C92-D05A-4908-BF81-E6BABA0BF592}.ProteoWizard.d|x64.ActiveCfg = Publish|x64
		{487D7C92-D05A-4908-BF81-E6BABA0BF592}.ProteoWizard.d|x64.Build.0 = Publish|x64
		{487D7C92-D05A-4908-BF81-E6BABA0BF592}.ProteoWizard.d|x86.ActiveCfg = Publish|Any CPU
		{487D7C92-D05A-4908-BF81-E6BABA0BF592}.ProteoWizard.d|x86.Build.0 = Publish|Any CPU
		{487D7C92-D05A-4908-BF81-E6BABA0BF592}.Publish|Any CPU.ActiveCfg = Publish|Any CPU
		{487D7C92-D05A-4908-BF81-E6BABA0BF592}.Publish|Any CPU.Build.0 = Publish|Any CPU
		{487D7C92-D05A-4908-BF81-E6BABA0BF592}.Publish|x64.ActiveCfg = Publish|x64
		{487D7C92-D05A-4908-BF81-E6BABA0BF592}.Publish|x64.Build.0 = Publish|x64
		{487D7C92-D05A-4908-BF81-E6BABA0BF592}.Publish|x86.ActiveCfg = Publish|Any CPU
		{487D7C92-D05A-4908-BF81-E6BABA0BF592}.Publish|x86.Build.0 = Publish|Any CPU
		{487D7C92-D05A-4908-BF81-E6BABA0BF592}.Release|Any CPU.ActiveCfg = Release|Any CPU
		{487D7C92-D05A-4908-BF81-E6BABA0BF592}.Release|Any CPU.Build.0 = Release|Any CPU
		{487D7C92-D05A-4908-BF81-E6BABA0BF592}.Release|x64.ActiveCfg = Release|x64
		{487D7C92-D05A-4908-BF81-E6BABA0BF592}.Release|x64.Build.0 = Release|x64
		{487D7C92-D05A-4908-BF81-E6BABA0BF592}.Release|x86.ActiveCfg = Release|Any CPU
		{487D7C92-D05A-4908-BF81-E6BABA0BF592}.Release|x86.Build.0 = Release|Any CPU
		{487D7C92-D05A-4908-BF81-E6BABA0BF592}.sciBASIC.NET-test-release|Any CPU.ActiveCfg = Biodeep|Any CPU
		{487D7C92-D05A-4908-BF81-E6BABA0BF592}.sciBASIC.NET-test-release|Any CPU.Build.0 = Biodeep|Any CPU
		{487D7C92-D05A-4908-BF81-E6BABA0BF592}.sciBASIC.NET-test-release|x64.ActiveCfg = Biodeep|x64
		{487D7C92-D05A-4908-BF81-E6BABA0BF592}.sciBASIC.NET-test-release|x64.Build.0 = Biodeep|x64
		{487D7C92-D05A-4908-BF81-E6BABA0BF592}.sciBASIC.NET-test-release|x86.ActiveCfg = Biodeep|Any CPU
		{487D7C92-D05A-4908-BF81-E6BABA0BF592}.sciBASIC.NET-test-release|x86.Build.0 = Biodeep|Any CPU
		{487D7C92-D05A-4908-BF81-E6BABA0BF592}.Surveillance-of-infectious-diseases|Any CPU.ActiveCfg = Biodeep|Any CPU
		{487D7C92-D05A-4908-BF81-E6BABA0BF592}.Surveillance-of-infectious-diseases|Any CPU.Build.0 = Biodeep|Any CPU
		{487D7C92-D05A-4908-BF81-E6BABA0BF592}.Surveillance-of-infectious-diseases|x64.ActiveCfg = Biodeep|x64
		{487D7C92-D05A-4908-BF81-E6BABA0BF592}.Surveillance-of-infectious-diseases|x64.Build.0 = Biodeep|x64
		{487D7C92-D05A-4908-BF81-E6BABA0BF592}.Surveillance-of-infectious-diseases|x86.ActiveCfg = Biodeep|Any CPU
		{487D7C92-D05A-4908-BF81-E6BABA0BF592}.Surveillance-of-infectious-diseases|x86.Build.0 = Biodeep|Any CPU
		{487D7C92-D05A-4908-BF81-E6BABA0BF592}.Yilia-Release_x64|Any CPU.ActiveCfg = Release|Any CPU
		{487D7C92-D05A-4908-BF81-E6BABA0BF592}.Yilia-Release_x64|Any CPU.Build.0 = Release|Any CPU
		{487D7C92-D05A-4908-BF81-E6BABA0BF592}.Yilia-Release_x64|x64.ActiveCfg = Release|x64
		{487D7C92-D05A-4908-BF81-E6BABA0BF592}.Yilia-Release_x64|x64.Build.0 = Release|x64
		{487D7C92-D05A-4908-BF81-E6BABA0BF592}.Yilia-Release_x64|x86.ActiveCfg = Release|Any CPU
		{487D7C92-D05A-4908-BF81-E6BABA0BF592}.Yilia-Release_x64|x86.Build.0 = Release|Any CPU
		{AC2E577B-1D0B-4165-9135-EA5569AA278F}.Biodeep_UNIX_x64|Any CPU.ActiveCfg = Release|Any CPU
		{AC2E577B-1D0B-4165-9135-EA5569AA278F}.Biodeep_UNIX_x64|Any CPU.Build.0 = Release|Any CPU
		{AC2E577B-1D0B-4165-9135-EA5569AA278F}.Biodeep_UNIX_x64|x64.ActiveCfg = Release|Any CPU
		{AC2E577B-1D0B-4165-9135-EA5569AA278F}.Biodeep_UNIX_x64|x64.Build.0 = Release|Any CPU
		{AC2E577B-1D0B-4165-9135-EA5569AA278F}.Biodeep_UNIX_x64|x86.ActiveCfg = Release|Any CPU
		{AC2E577B-1D0B-4165-9135-EA5569AA278F}.Biodeep_UNIX_x64|x86.Build.0 = Release|Any CPU
		{AC2E577B-1D0B-4165-9135-EA5569AA278F}.Biodeep|Any CPU.ActiveCfg = Release|Any CPU
		{AC2E577B-1D0B-4165-9135-EA5569AA278F}.Biodeep|Any CPU.Build.0 = Release|Any CPU
		{AC2E577B-1D0B-4165-9135-EA5569AA278F}.Biodeep|x64.ActiveCfg = Release|Any CPU
		{AC2E577B-1D0B-4165-9135-EA5569AA278F}.Biodeep|x64.Build.0 = Release|Any CPU
		{AC2E577B-1D0B-4165-9135-EA5569AA278F}.Biodeep|x86.ActiveCfg = Release|Any CPU
		{AC2E577B-1D0B-4165-9135-EA5569AA278F}.Biodeep|x86.Build.0 = Release|Any CPU
		{AC2E577B-1D0B-4165-9135-EA5569AA278F}.Debug|Any CPU.ActiveCfg = Debug|Any CPU
		{AC2E577B-1D0B-4165-9135-EA5569AA278F}.Debug|Any CPU.Build.0 = Debug|Any CPU
		{AC2E577B-1D0B-4165-9135-EA5569AA278F}.Debug|x64.ActiveCfg = Debug|x64
		{AC2E577B-1D0B-4165-9135-EA5569AA278F}.Debug|x64.Build.0 = Debug|x64
		{AC2E577B-1D0B-4165-9135-EA5569AA278F}.Debug|x86.ActiveCfg = Debug|Any CPU
		{AC2E577B-1D0B-4165-9135-EA5569AA278F}.Debug|x86.Build.0 = Debug|Any CPU
		{AC2E577B-1D0B-4165-9135-EA5569AA278F}.DEMO|Any CPU.ActiveCfg = Debug|Any CPU
		{AC2E577B-1D0B-4165-9135-EA5569AA278F}.DEMO|Any CPU.Build.0 = Debug|Any CPU
		{AC2E577B-1D0B-4165-9135-EA5569AA278F}.DEMO|x64.ActiveCfg = Debug|Any CPU
		{AC2E577B-1D0B-4165-9135-EA5569AA278F}.DEMO|x64.Build.0 = Debug|Any CPU
		{AC2E577B-1D0B-4165-9135-EA5569AA278F}.DEMO|x86.ActiveCfg = Debug|Any CPU
		{AC2E577B-1D0B-4165-9135-EA5569AA278F}.DEMO|x86.Build.0 = Debug|Any CPU
		{AC2E577B-1D0B-4165-9135-EA5569AA278F}.docs|Any CPU.ActiveCfg = Debug|Any CPU
		{AC2E577B-1D0B-4165-9135-EA5569AA278F}.docs|Any CPU.Build.0 = Debug|Any CPU
		{AC2E577B-1D0B-4165-9135-EA5569AA278F}.docs|x64.ActiveCfg = Debug|Any CPU
		{AC2E577B-1D0B-4165-9135-EA5569AA278F}.docs|x64.Build.0 = Debug|Any CPU
		{AC2E577B-1D0B-4165-9135-EA5569AA278F}.docs|x86.ActiveCfg = Debug|Any CPU
		{AC2E577B-1D0B-4165-9135-EA5569AA278F}.docs|x86.Build.0 = Debug|Any CPU
		{AC2E577B-1D0B-4165-9135-EA5569AA278F}.GCModeller(Release_X64)|Any CPU.ActiveCfg = Release|Any CPU
		{AC2E577B-1D0B-4165-9135-EA5569AA278F}.GCModeller(Release_X64)|Any CPU.Build.0 = Release|Any CPU
		{AC2E577B-1D0B-4165-9135-EA5569AA278F}.GCModeller(Release_X64)|x64.ActiveCfg = Release|Any CPU
		{AC2E577B-1D0B-4165-9135-EA5569AA278F}.GCModeller(Release_X64)|x64.Build.0 = Release|Any CPU
		{AC2E577B-1D0B-4165-9135-EA5569AA278F}.GCModeller(Release_X64)|x86.ActiveCfg = Release|Any CPU
		{AC2E577B-1D0B-4165-9135-EA5569AA278F}.GCModeller(Release_X64)|x86.Build.0 = Release|Any CPU
		{AC2E577B-1D0B-4165-9135-EA5569AA278F}.GCModeller(UNIX-Release_X64)|Any CPU.ActiveCfg = Release|Any CPU
		{AC2E577B-1D0B-4165-9135-EA5569AA278F}.GCModeller(UNIX-Release_X64)|Any CPU.Build.0 = Release|Any CPU
		{AC2E577B-1D0B-4165-9135-EA5569AA278F}.GCModeller(UNIX-Release_X64)|x64.ActiveCfg = Release|Any CPU
		{AC2E577B-1D0B-4165-9135-EA5569AA278F}.GCModeller(UNIX-Release_X64)|x64.Build.0 = Release|Any CPU
		{AC2E577B-1D0B-4165-9135-EA5569AA278F}.GCModeller(UNIX-Release_X64)|x86.ActiveCfg = Release|Any CPU
		{AC2E577B-1D0B-4165-9135-EA5569AA278F}.GCModeller(UNIX-Release_X64)|x86.Build.0 = Release|Any CPU
		{AC2E577B-1D0B-4165-9135-EA5569AA278F}.installer_x64|Any CPU.ActiveCfg = Release|Any CPU
		{AC2E577B-1D0B-4165-9135-EA5569AA278F}.installer_x64|Any CPU.Build.0 = Release|Any CPU
		{AC2E577B-1D0B-4165-9135-EA5569AA278F}.installer_x64|x64.ActiveCfg = Release|Any CPU
		{AC2E577B-1D0B-4165-9135-EA5569AA278F}.installer_x64|x64.Build.0 = Release|Any CPU
		{AC2E577B-1D0B-4165-9135-EA5569AA278F}.installer_x64|x86.ActiveCfg = Release|Any CPU
		{AC2E577B-1D0B-4165-9135-EA5569AA278F}.installer_x64|x86.Build.0 = Release|Any CPU
		{AC2E577B-1D0B-4165-9135-EA5569AA278F}.mysqli_X64_release|Any CPU.ActiveCfg = Release|Any CPU
		{AC2E577B-1D0B-4165-9135-EA5569AA278F}.mysqli_X64_release|Any CPU.Build.0 = Release|Any CPU
		{AC2E577B-1D0B-4165-9135-EA5569AA278F}.mysqli_X64_release|x64.ActiveCfg = Release|Any CPU
		{AC2E577B-1D0B-4165-9135-EA5569AA278F}.mysqli_X64_release|x64.Build.0 = Release|Any CPU
		{AC2E577B-1D0B-4165-9135-EA5569AA278F}.mysqli_X64_release|x86.ActiveCfg = Release|Any CPU
		{AC2E577B-1D0B-4165-9135-EA5569AA278F}.mysqli_X64_release|x86.Build.0 = Release|Any CPU
		{AC2E577B-1D0B-4165-9135-EA5569AA278F}.ProteoWizard.d|Any CPU.ActiveCfg = Release|Any CPU
		{AC2E577B-1D0B-4165-9135-EA5569AA278F}.ProteoWizard.d|Any CPU.Build.0 = Release|Any CPU
		{AC2E577B-1D0B-4165-9135-EA5569AA278F}.ProteoWizard.d|x64.ActiveCfg = Release|Any CPU
		{AC2E577B-1D0B-4165-9135-EA5569AA278F}.ProteoWizard.d|x64.Build.0 = Release|Any CPU
		{AC2E577B-1D0B-4165-9135-EA5569AA278F}.ProteoWizard.d|x86.ActiveCfg = Release|Any CPU
		{AC2E577B-1D0B-4165-9135-EA5569AA278F}.ProteoWizard.d|x86.Build.0 = Release|Any CPU
		{AC2E577B-1D0B-4165-9135-EA5569AA278F}.Publish|Any CPU.ActiveCfg = Release|Any CPU
		{AC2E577B-1D0B-4165-9135-EA5569AA278F}.Publish|Any CPU.Build.0 = Release|Any CPU
		{AC2E577B-1D0B-4165-9135-EA5569AA278F}.Publish|x64.ActiveCfg = Release|Any CPU
		{AC2E577B-1D0B-4165-9135-EA5569AA278F}.Publish|x64.Build.0 = Release|Any CPU
		{AC2E577B-1D0B-4165-9135-EA5569AA278F}.Publish|x86.ActiveCfg = Release|Any CPU
		{AC2E577B-1D0B-4165-9135-EA5569AA278F}.Publish|x86.Build.0 = Release|Any CPU
		{AC2E577B-1D0B-4165-9135-EA5569AA278F}.Release|Any CPU.ActiveCfg = Release|Any CPU
		{AC2E577B-1D0B-4165-9135-EA5569AA278F}.Release|Any CPU.Build.0 = Release|Any CPU
		{AC2E577B-1D0B-4165-9135-EA5569AA278F}.Release|x64.ActiveCfg = Release|Any CPU
		{AC2E577B-1D0B-4165-9135-EA5569AA278F}.Release|x64.Build.0 = Release|Any CPU
		{AC2E577B-1D0B-4165-9135-EA5569AA278F}.Release|x86.ActiveCfg = Release|Any CPU
		{AC2E577B-1D0B-4165-9135-EA5569AA278F}.Release|x86.Build.0 = Release|Any CPU
		{AC2E577B-1D0B-4165-9135-EA5569AA278F}.sciBASIC.NET-test-release|Any CPU.ActiveCfg = Release|Any CPU
		{AC2E577B-1D0B-4165-9135-EA5569AA278F}.sciBASIC.NET-test-release|Any CPU.Build.0 = Release|Any CPU
		{AC2E577B-1D0B-4165-9135-EA5569AA278F}.sciBASIC.NET-test-release|x64.ActiveCfg = Release|Any CPU
		{AC2E577B-1D0B-4165-9135-EA5569AA278F}.sciBASIC.NET-test-release|x64.Build.0 = Release|Any CPU
		{AC2E577B-1D0B-4165-9135-EA5569AA278F}.sciBASIC.NET-test-release|x86.ActiveCfg = Release|Any CPU
		{AC2E577B-1D0B-4165-9135-EA5569AA278F}.sciBASIC.NET-test-release|x86.Build.0 = Release|Any CPU
		{AC2E577B-1D0B-4165-9135-EA5569AA278F}.Surveillance-of-infectious-diseases|Any CPU.ActiveCfg = Release|Any CPU
		{AC2E577B-1D0B-4165-9135-EA5569AA278F}.Surveillance-of-infectious-diseases|Any CPU.Build.0 = Release|Any CPU
		{AC2E577B-1D0B-4165-9135-EA5569AA278F}.Surveillance-of-infectious-diseases|x64.ActiveCfg = Release|Any CPU
		{AC2E577B-1D0B-4165-9135-EA5569AA278F}.Surveillance-of-infectious-diseases|x64.Build.0 = Release|Any CPU
		{AC2E577B-1D0B-4165-9135-EA5569AA278F}.Surveillance-of-infectious-diseases|x86.ActiveCfg = Release|Any CPU
		{AC2E577B-1D0B-4165-9135-EA5569AA278F}.Surveillance-of-infectious-diseases|x86.Build.0 = Release|Any CPU
		{AC2E577B-1D0B-4165-9135-EA5569AA278F}.Yilia-Release_x64|Any CPU.ActiveCfg = Release|Any CPU
		{AC2E577B-1D0B-4165-9135-EA5569AA278F}.Yilia-Release_x64|Any CPU.Build.0 = Release|Any CPU
		{AC2E577B-1D0B-4165-9135-EA5569AA278F}.Yilia-Release_x64|x64.ActiveCfg = Release|Any CPU
		{AC2E577B-1D0B-4165-9135-EA5569AA278F}.Yilia-Release_x64|x64.Build.0 = Release|Any CPU
		{AC2E577B-1D0B-4165-9135-EA5569AA278F}.Yilia-Release_x64|x86.ActiveCfg = Release|Any CPU
		{AC2E577B-1D0B-4165-9135-EA5569AA278F}.Yilia-Release_x64|x86.Build.0 = Release|Any CPU
		{D1E61B2A-E6FD-4610-8D20-D15E173C277B}.Biodeep_UNIX_x64|Any CPU.ActiveCfg = Release|Any CPU
		{D1E61B2A-E6FD-4610-8D20-D15E173C277B}.Biodeep_UNIX_x64|Any CPU.Build.0 = Release|Any CPU
		{D1E61B2A-E6FD-4610-8D20-D15E173C277B}.Biodeep_UNIX_x64|x64.ActiveCfg = Release|Any CPU
		{D1E61B2A-E6FD-4610-8D20-D15E173C277B}.Biodeep_UNIX_x64|x64.Build.0 = Release|Any CPU
		{D1E61B2A-E6FD-4610-8D20-D15E173C277B}.Biodeep_UNIX_x64|x86.ActiveCfg = Release|Any CPU
		{D1E61B2A-E6FD-4610-8D20-D15E173C277B}.Biodeep_UNIX_x64|x86.Build.0 = Release|Any CPU
		{D1E61B2A-E6FD-4610-8D20-D15E173C277B}.Biodeep|Any CPU.ActiveCfg = Release|Any CPU
		{D1E61B2A-E6FD-4610-8D20-D15E173C277B}.Biodeep|Any CPU.Build.0 = Release|Any CPU
		{D1E61B2A-E6FD-4610-8D20-D15E173C277B}.Biodeep|x64.ActiveCfg = Release|Any CPU
		{D1E61B2A-E6FD-4610-8D20-D15E173C277B}.Biodeep|x64.Build.0 = Release|Any CPU
		{D1E61B2A-E6FD-4610-8D20-D15E173C277B}.Biodeep|x86.ActiveCfg = Release|Any CPU
		{D1E61B2A-E6FD-4610-8D20-D15E173C277B}.Biodeep|x86.Build.0 = Release|Any CPU
		{D1E61B2A-E6FD-4610-8D20-D15E173C277B}.Debug|Any CPU.ActiveCfg = Debug|Any CPU
		{D1E61B2A-E6FD-4610-8D20-D15E173C277B}.Debug|Any CPU.Build.0 = Debug|Any CPU
		{D1E61B2A-E6FD-4610-8D20-D15E173C277B}.Debug|x64.ActiveCfg = Debug|x64
		{D1E61B2A-E6FD-4610-8D20-D15E173C277B}.Debug|x64.Build.0 = Debug|x64
		{D1E61B2A-E6FD-4610-8D20-D15E173C277B}.Debug|x86.ActiveCfg = Debug|Any CPU
		{D1E61B2A-E6FD-4610-8D20-D15E173C277B}.Debug|x86.Build.0 = Debug|Any CPU
		{D1E61B2A-E6FD-4610-8D20-D15E173C277B}.DEMO|Any CPU.ActiveCfg = Debug|Any CPU
		{D1E61B2A-E6FD-4610-8D20-D15E173C277B}.DEMO|Any CPU.Build.0 = Debug|Any CPU
		{D1E61B2A-E6FD-4610-8D20-D15E173C277B}.DEMO|x64.ActiveCfg = Debug|Any CPU
		{D1E61B2A-E6FD-4610-8D20-D15E173C277B}.DEMO|x64.Build.0 = Debug|Any CPU
		{D1E61B2A-E6FD-4610-8D20-D15E173C277B}.DEMO|x86.ActiveCfg = Debug|Any CPU
		{D1E61B2A-E6FD-4610-8D20-D15E173C277B}.DEMO|x86.Build.0 = Debug|Any CPU
		{D1E61B2A-E6FD-4610-8D20-D15E173C277B}.docs|Any CPU.ActiveCfg = Debug|Any CPU
		{D1E61B2A-E6FD-4610-8D20-D15E173C277B}.docs|Any CPU.Build.0 = Debug|Any CPU
		{D1E61B2A-E6FD-4610-8D20-D15E173C277B}.docs|x64.ActiveCfg = Debug|Any CPU
		{D1E61B2A-E6FD-4610-8D20-D15E173C277B}.docs|x64.Build.0 = Debug|Any CPU
		{D1E61B2A-E6FD-4610-8D20-D15E173C277B}.docs|x86.ActiveCfg = Debug|Any CPU
		{D1E61B2A-E6FD-4610-8D20-D15E173C277B}.docs|x86.Build.0 = Debug|Any CPU
		{D1E61B2A-E6FD-4610-8D20-D15E173C277B}.GCModeller(Release_X64)|Any CPU.ActiveCfg = Release|Any CPU
		{D1E61B2A-E6FD-4610-8D20-D15E173C277B}.GCModeller(Release_X64)|Any CPU.Build.0 = Release|Any CPU
		{D1E61B2A-E6FD-4610-8D20-D15E173C277B}.GCModeller(Release_X64)|x64.ActiveCfg = Release|Any CPU
		{D1E61B2A-E6FD-4610-8D20-D15E173C277B}.GCModeller(Release_X64)|x64.Build.0 = Release|Any CPU
		{D1E61B2A-E6FD-4610-8D20-D15E173C277B}.GCModeller(Release_X64)|x86.ActiveCfg = Release|Any CPU
		{D1E61B2A-E6FD-4610-8D20-D15E173C277B}.GCModeller(Release_X64)|x86.Build.0 = Release|Any CPU
		{D1E61B2A-E6FD-4610-8D20-D15E173C277B}.GCModeller(UNIX-Release_X64)|Any CPU.ActiveCfg = Release|Any CPU
		{D1E61B2A-E6FD-4610-8D20-D15E173C277B}.GCModeller(UNIX-Release_X64)|Any CPU.Build.0 = Release|Any CPU
		{D1E61B2A-E6FD-4610-8D20-D15E173C277B}.GCModeller(UNIX-Release_X64)|x64.ActiveCfg = Release|Any CPU
		{D1E61B2A-E6FD-4610-8D20-D15E173C277B}.GCModeller(UNIX-Release_X64)|x64.Build.0 = Release|Any CPU
		{D1E61B2A-E6FD-4610-8D20-D15E173C277B}.GCModeller(UNIX-Release_X64)|x86.ActiveCfg = Release|Any CPU
		{D1E61B2A-E6FD-4610-8D20-D15E173C277B}.GCModeller(UNIX-Release_X64)|x86.Build.0 = Release|Any CPU
		{D1E61B2A-E6FD-4610-8D20-D15E173C277B}.installer_x64|Any CPU.ActiveCfg = Release|Any CPU
		{D1E61B2A-E6FD-4610-8D20-D15E173C277B}.installer_x64|Any CPU.Build.0 = Release|Any CPU
		{D1E61B2A-E6FD-4610-8D20-D15E173C277B}.installer_x64|x64.ActiveCfg = Release|Any CPU
		{D1E61B2A-E6FD-4610-8D20-D15E173C277B}.installer_x64|x64.Build.0 = Release|Any CPU
		{D1E61B2A-E6FD-4610-8D20-D15E173C277B}.installer_x64|x86.ActiveCfg = Release|Any CPU
		{D1E61B2A-E6FD-4610-8D20-D15E173C277B}.installer_x64|x86.Build.0 = Release|Any CPU
		{D1E61B2A-E6FD-4610-8D20-D15E173C277B}.mysqli_X64_release|Any CPU.ActiveCfg = Release|Any CPU
		{D1E61B2A-E6FD-4610-8D20-D15E173C277B}.mysqli_X64_release|Any CPU.Build.0 = Release|Any CPU
		{D1E61B2A-E6FD-4610-8D20-D15E173C277B}.mysqli_X64_release|x64.ActiveCfg = Release|Any CPU
		{D1E61B2A-E6FD-4610-8D20-D15E173C277B}.mysqli_X64_release|x64.Build.0 = Release|Any CPU
		{D1E61B2A-E6FD-4610-8D20-D15E173C277B}.mysqli_X64_release|x86.ActiveCfg = Release|Any CPU
		{D1E61B2A-E6FD-4610-8D20-D15E173C277B}.mysqli_X64_release|x86.Build.0 = Release|Any CPU
		{D1E61B2A-E6FD-4610-8D20-D15E173C277B}.ProteoWizard.d|Any CPU.ActiveCfg = Release|Any CPU
		{D1E61B2A-E6FD-4610-8D20-D15E173C277B}.ProteoWizard.d|Any CPU.Build.0 = Release|Any CPU
		{D1E61B2A-E6FD-4610-8D20-D15E173C277B}.ProteoWizard.d|x64.ActiveCfg = Release|Any CPU
		{D1E61B2A-E6FD-4610-8D20-D15E173C277B}.ProteoWizard.d|x64.Build.0 = Release|Any CPU
		{D1E61B2A-E6FD-4610-8D20-D15E173C277B}.ProteoWizard.d|x86.ActiveCfg = Release|Any CPU
		{D1E61B2A-E6FD-4610-8D20-D15E173C277B}.ProteoWizard.d|x86.Build.0 = Release|Any CPU
		{D1E61B2A-E6FD-4610-8D20-D15E173C277B}.Publish|Any CPU.ActiveCfg = Release|Any CPU
		{D1E61B2A-E6FD-4610-8D20-D15E173C277B}.Publish|Any CPU.Build.0 = Release|Any CPU
		{D1E61B2A-E6FD-4610-8D20-D15E173C277B}.Publish|x64.ActiveCfg = Release|Any CPU
		{D1E61B2A-E6FD-4610-8D20-D15E173C277B}.Publish|x64.Build.0 = Release|Any CPU
		{D1E61B2A-E6FD-4610-8D20-D15E173C277B}.Publish|x86.ActiveCfg = Release|Any CPU
		{D1E61B2A-E6FD-4610-8D20-D15E173C277B}.Publish|x86.Build.0 = Release|Any CPU
		{D1E61B2A-E6FD-4610-8D20-D15E173C277B}.Release|Any CPU.ActiveCfg = Release|Any CPU
		{D1E61B2A-E6FD-4610-8D20-D15E173C277B}.Release|Any CPU.Build.0 = Release|Any CPU
		{D1E61B2A-E6FD-4610-8D20-D15E173C277B}.Release|x64.ActiveCfg = Release|Any CPU
		{D1E61B2A-E6FD-4610-8D20-D15E173C277B}.Release|x64.Build.0 = Release|Any CPU
		{D1E61B2A-E6FD-4610-8D20-D15E173C277B}.Release|x86.ActiveCfg = Release|Any CPU
		{D1E61B2A-E6FD-4610-8D20-D15E173C277B}.Release|x86.Build.0 = Release|Any CPU
		{D1E61B2A-E6FD-4610-8D20-D15E173C277B}.sciBASIC.NET-test-release|Any CPU.ActiveCfg = Release|Any CPU
		{D1E61B2A-E6FD-4610-8D20-D15E173C277B}.sciBASIC.NET-test-release|Any CPU.Build.0 = Release|Any CPU
		{D1E61B2A-E6FD-4610-8D20-D15E173C277B}.sciBASIC.NET-test-release|x64.ActiveCfg = Release|Any CPU
		{D1E61B2A-E6FD-4610-8D20-D15E173C277B}.sciBASIC.NET-test-release|x64.Build.0 = Release|Any CPU
		{D1E61B2A-E6FD-4610-8D20-D15E173C277B}.sciBASIC.NET-test-release|x86.ActiveCfg = Release|Any CPU
		{D1E61B2A-E6FD-4610-8D20-D15E173C277B}.sciBASIC.NET-test-release|x86.Build.0 = Release|Any CPU
		{D1E61B2A-E6FD-4610-8D20-D15E173C277B}.Surveillance-of-infectious-diseases|Any CPU.ActiveCfg = Release|Any CPU
		{D1E61B2A-E6FD-4610-8D20-D15E173C277B}.Surveillance-of-infectious-diseases|Any CPU.Build.0 = Release|Any CPU
		{D1E61B2A-E6FD-4610-8D20-D15E173C277B}.Surveillance-of-infectious-diseases|x64.ActiveCfg = Release|Any CPU
		{D1E61B2A-E6FD-4610-8D20-D15E173C277B}.Surveillance-of-infectious-diseases|x64.Build.0 = Release|Any CPU
		{D1E61B2A-E6FD-4610-8D20-D15E173C277B}.Surveillance-of-infectious-diseases|x86.ActiveCfg = Release|Any CPU
		{D1E61B2A-E6FD-4610-8D20-D15E173C277B}.Surveillance-of-infectious-diseases|x86.Build.0 = Release|Any CPU
		{D1E61B2A-E6FD-4610-8D20-D15E173C277B}.Yilia-Release_x64|Any CPU.ActiveCfg = Release|Any CPU
		{D1E61B2A-E6FD-4610-8D20-D15E173C277B}.Yilia-Release_x64|Any CPU.Build.0 = Release|Any CPU
		{D1E61B2A-E6FD-4610-8D20-D15E173C277B}.Yilia-Release_x64|x64.ActiveCfg = Release|Any CPU
		{D1E61B2A-E6FD-4610-8D20-D15E173C277B}.Yilia-Release_x64|x64.Build.0 = Release|Any CPU
		{D1E61B2A-E6FD-4610-8D20-D15E173C277B}.Yilia-Release_x64|x86.ActiveCfg = Release|Any CPU
		{D1E61B2A-E6FD-4610-8D20-D15E173C277B}.Yilia-Release_x64|x86.Build.0 = Release|Any CPU
		{6D0966AF-BAE1-4CED-8521-C81AAE01338D}.Biodeep_UNIX_x64|Any CPU.ActiveCfg = Release|Any CPU
		{6D0966AF-BAE1-4CED-8521-C81AAE01338D}.Biodeep_UNIX_x64|Any CPU.Build.0 = Release|Any CPU
		{6D0966AF-BAE1-4CED-8521-C81AAE01338D}.Biodeep_UNIX_x64|x64.ActiveCfg = Release|Any CPU
		{6D0966AF-BAE1-4CED-8521-C81AAE01338D}.Biodeep_UNIX_x64|x64.Build.0 = Release|Any CPU
		{6D0966AF-BAE1-4CED-8521-C81AAE01338D}.Biodeep_UNIX_x64|x86.ActiveCfg = Release|Any CPU
		{6D0966AF-BAE1-4CED-8521-C81AAE01338D}.Biodeep_UNIX_x64|x86.Build.0 = Release|Any CPU
		{6D0966AF-BAE1-4CED-8521-C81AAE01338D}.Biodeep|Any CPU.ActiveCfg = Release|Any CPU
		{6D0966AF-BAE1-4CED-8521-C81AAE01338D}.Biodeep|Any CPU.Build.0 = Release|Any CPU
		{6D0966AF-BAE1-4CED-8521-C81AAE01338D}.Biodeep|x64.ActiveCfg = Release|Any CPU
		{6D0966AF-BAE1-4CED-8521-C81AAE01338D}.Biodeep|x64.Build.0 = Release|Any CPU
		{6D0966AF-BAE1-4CED-8521-C81AAE01338D}.Biodeep|x86.ActiveCfg = Release|Any CPU
		{6D0966AF-BAE1-4CED-8521-C81AAE01338D}.Biodeep|x86.Build.0 = Release|Any CPU
		{6D0966AF-BAE1-4CED-8521-C81AAE01338D}.Debug|Any CPU.ActiveCfg = Debug|Any CPU
		{6D0966AF-BAE1-4CED-8521-C81AAE01338D}.Debug|Any CPU.Build.0 = Debug|Any CPU
		{6D0966AF-BAE1-4CED-8521-C81AAE01338D}.Debug|x64.ActiveCfg = Debug|x64
		{6D0966AF-BAE1-4CED-8521-C81AAE01338D}.Debug|x64.Build.0 = Debug|x64
		{6D0966AF-BAE1-4CED-8521-C81AAE01338D}.Debug|x86.ActiveCfg = Debug|Any CPU
		{6D0966AF-BAE1-4CED-8521-C81AAE01338D}.Debug|x86.Build.0 = Debug|Any CPU
		{6D0966AF-BAE1-4CED-8521-C81AAE01338D}.DEMO|Any CPU.ActiveCfg = Debug|Any CPU
		{6D0966AF-BAE1-4CED-8521-C81AAE01338D}.DEMO|Any CPU.Build.0 = Debug|Any CPU
		{6D0966AF-BAE1-4CED-8521-C81AAE01338D}.DEMO|x64.ActiveCfg = Debug|Any CPU
		{6D0966AF-BAE1-4CED-8521-C81AAE01338D}.DEMO|x64.Build.0 = Debug|Any CPU
		{6D0966AF-BAE1-4CED-8521-C81AAE01338D}.DEMO|x86.ActiveCfg = Debug|Any CPU
		{6D0966AF-BAE1-4CED-8521-C81AAE01338D}.DEMO|x86.Build.0 = Debug|Any CPU
		{6D0966AF-BAE1-4CED-8521-C81AAE01338D}.docs|Any CPU.ActiveCfg = Debug|Any CPU
		{6D0966AF-BAE1-4CED-8521-C81AAE01338D}.docs|Any CPU.Build.0 = Debug|Any CPU
		{6D0966AF-BAE1-4CED-8521-C81AAE01338D}.docs|x64.ActiveCfg = Debug|Any CPU
		{6D0966AF-BAE1-4CED-8521-C81AAE01338D}.docs|x64.Build.0 = Debug|Any CPU
		{6D0966AF-BAE1-4CED-8521-C81AAE01338D}.docs|x86.ActiveCfg = Debug|Any CPU
		{6D0966AF-BAE1-4CED-8521-C81AAE01338D}.docs|x86.Build.0 = Debug|Any CPU
		{6D0966AF-BAE1-4CED-8521-C81AAE01338D}.GCModeller(Release_X64)|Any CPU.ActiveCfg = Release|Any CPU
		{6D0966AF-BAE1-4CED-8521-C81AAE01338D}.GCModeller(Release_X64)|Any CPU.Build.0 = Release|Any CPU
		{6D0966AF-BAE1-4CED-8521-C81AAE01338D}.GCModeller(Release_X64)|x64.ActiveCfg = Release|Any CPU
		{6D0966AF-BAE1-4CED-8521-C81AAE01338D}.GCModeller(Release_X64)|x64.Build.0 = Release|Any CPU
		{6D0966AF-BAE1-4CED-8521-C81AAE01338D}.GCModeller(Release_X64)|x86.ActiveCfg = Release|Any CPU
		{6D0966AF-BAE1-4CED-8521-C81AAE01338D}.GCModeller(Release_X64)|x86.Build.0 = Release|Any CPU
		{6D0966AF-BAE1-4CED-8521-C81AAE01338D}.GCModeller(UNIX-Release_X64)|Any CPU.ActiveCfg = Release|Any CPU
		{6D0966AF-BAE1-4CED-8521-C81AAE01338D}.GCModeller(UNIX-Release_X64)|Any CPU.Build.0 = Release|Any CPU
		{6D0966AF-BAE1-4CED-8521-C81AAE01338D}.GCModeller(UNIX-Release_X64)|x64.ActiveCfg = Release|Any CPU
		{6D0966AF-BAE1-4CED-8521-C81AAE01338D}.GCModeller(UNIX-Release_X64)|x64.Build.0 = Release|Any CPU
		{6D0966AF-BAE1-4CED-8521-C81AAE01338D}.GCModeller(UNIX-Release_X64)|x86.ActiveCfg = Release|Any CPU
		{6D0966AF-BAE1-4CED-8521-C81AAE01338D}.GCModeller(UNIX-Release_X64)|x86.Build.0 = Release|Any CPU
		{6D0966AF-BAE1-4CED-8521-C81AAE01338D}.installer_x64|Any CPU.ActiveCfg = Release|Any CPU
		{6D0966AF-BAE1-4CED-8521-C81AAE01338D}.installer_x64|Any CPU.Build.0 = Release|Any CPU
		{6D0966AF-BAE1-4CED-8521-C81AAE01338D}.installer_x64|x64.ActiveCfg = Release|Any CPU
		{6D0966AF-BAE1-4CED-8521-C81AAE01338D}.installer_x64|x64.Build.0 = Release|Any CPU
		{6D0966AF-BAE1-4CED-8521-C81AAE01338D}.installer_x64|x86.ActiveCfg = Release|Any CPU
		{6D0966AF-BAE1-4CED-8521-C81AAE01338D}.installer_x64|x86.Build.0 = Release|Any CPU
		{6D0966AF-BAE1-4CED-8521-C81AAE01338D}.mysqli_X64_release|Any CPU.ActiveCfg = Release|Any CPU
		{6D0966AF-BAE1-4CED-8521-C81AAE01338D}.mysqli_X64_release|Any CPU.Build.0 = Release|Any CPU
		{6D0966AF-BAE1-4CED-8521-C81AAE01338D}.mysqli_X64_release|x64.ActiveCfg = Release|Any CPU
		{6D0966AF-BAE1-4CED-8521-C81AAE01338D}.mysqli_X64_release|x64.Build.0 = Release|Any CPU
		{6D0966AF-BAE1-4CED-8521-C81AAE01338D}.mysqli_X64_release|x86.ActiveCfg = Release|Any CPU
		{6D0966AF-BAE1-4CED-8521-C81AAE01338D}.mysqli_X64_release|x86.Build.0 = Release|Any CPU
		{6D0966AF-BAE1-4CED-8521-C81AAE01338D}.ProteoWizard.d|Any CPU.ActiveCfg = Release|Any CPU
		{6D0966AF-BAE1-4CED-8521-C81AAE01338D}.ProteoWizard.d|Any CPU.Build.0 = Release|Any CPU
		{6D0966AF-BAE1-4CED-8521-C81AAE01338D}.ProteoWizard.d|x64.ActiveCfg = Release|Any CPU
		{6D0966AF-BAE1-4CED-8521-C81AAE01338D}.ProteoWizard.d|x64.Build.0 = Release|Any CPU
		{6D0966AF-BAE1-4CED-8521-C81AAE01338D}.ProteoWizard.d|x86.ActiveCfg = Release|Any CPU
		{6D0966AF-BAE1-4CED-8521-C81AAE01338D}.ProteoWizard.d|x86.Build.0 = Release|Any CPU
		{6D0966AF-BAE1-4CED-8521-C81AAE01338D}.Publish|Any CPU.ActiveCfg = Release|Any CPU
		{6D0966AF-BAE1-4CED-8521-C81AAE01338D}.Publish|Any CPU.Build.0 = Release|Any CPU
		{6D0966AF-BAE1-4CED-8521-C81AAE01338D}.Publish|x64.ActiveCfg = Release|Any CPU
		{6D0966AF-BAE1-4CED-8521-C81AAE01338D}.Publish|x64.Build.0 = Release|Any CPU
		{6D0966AF-BAE1-4CED-8521-C81AAE01338D}.Publish|x86.ActiveCfg = Release|Any CPU
		{6D0966AF-BAE1-4CED-8521-C81AAE01338D}.Publish|x86.Build.0 = Release|Any CPU
		{6D0966AF-BAE1-4CED-8521-C81AAE01338D}.Release|Any CPU.ActiveCfg = Release|Any CPU
		{6D0966AF-BAE1-4CED-8521-C81AAE01338D}.Release|Any CPU.Build.0 = Release|Any CPU
		{6D0966AF-BAE1-4CED-8521-C81AAE01338D}.Release|x64.ActiveCfg = Release|Any CPU
		{6D0966AF-BAE1-4CED-8521-C81AAE01338D}.Release|x64.Build.0 = Release|Any CPU
		{6D0966AF-BAE1-4CED-8521-C81AAE01338D}.Release|x86.ActiveCfg = Release|Any CPU
		{6D0966AF-BAE1-4CED-8521-C81AAE01338D}.Release|x86.Build.0 = Release|Any CPU
		{6D0966AF-BAE1-4CED-8521-C81AAE01338D}.sciBASIC.NET-test-release|Any CPU.ActiveCfg = Release|Any CPU
		{6D0966AF-BAE1-4CED-8521-C81AAE01338D}.sciBASIC.NET-test-release|Any CPU.Build.0 = Release|Any CPU
		{6D0966AF-BAE1-4CED-8521-C81AAE01338D}.sciBASIC.NET-test-release|x64.ActiveCfg = Release|Any CPU
		{6D0966AF-BAE1-4CED-8521-C81AAE01338D}.sciBASIC.NET-test-release|x64.Build.0 = Release|Any CPU
		{6D0966AF-BAE1-4CED-8521-C81AAE01338D}.sciBASIC.NET-test-release|x86.ActiveCfg = Release|Any CPU
		{6D0966AF-BAE1-4CED-8521-C81AAE01338D}.sciBASIC.NET-test-release|x86.Build.0 = Release|Any CPU
		{6D0966AF-BAE1-4CED-8521-C81AAE01338D}.Surveillance-of-infectious-diseases|Any CPU.ActiveCfg = Release|Any CPU
		{6D0966AF-BAE1-4CED-8521-C81AAE01338D}.Surveillance-of-infectious-diseases|Any CPU.Build.0 = Release|Any CPU
		{6D0966AF-BAE1-4CED-8521-C81AAE01338D}.Surveillance-of-infectious-diseases|x64.ActiveCfg = Release|Any CPU
		{6D0966AF-BAE1-4CED-8521-C81AAE01338D}.Surveillance-of-infectious-diseases|x64.Build.0 = Release|Any CPU
		{6D0966AF-BAE1-4CED-8521-C81AAE01338D}.Surveillance-of-infectious-diseases|x86.ActiveCfg = Release|Any CPU
		{6D0966AF-BAE1-4CED-8521-C81AAE01338D}.Surveillance-of-infectious-diseases|x86.Build.0 = Release|Any CPU
		{6D0966AF-BAE1-4CED-8521-C81AAE01338D}.Yilia-Release_x64|Any CPU.ActiveCfg = Release|Any CPU
		{6D0966AF-BAE1-4CED-8521-C81AAE01338D}.Yilia-Release_x64|Any CPU.Build.0 = Release|Any CPU
		{6D0966AF-BAE1-4CED-8521-C81AAE01338D}.Yilia-Release_x64|x64.ActiveCfg = Release|Any CPU
		{6D0966AF-BAE1-4CED-8521-C81AAE01338D}.Yilia-Release_x64|x64.Build.0 = Release|Any CPU
		{6D0966AF-BAE1-4CED-8521-C81AAE01338D}.Yilia-Release_x64|x86.ActiveCfg = Release|Any CPU
		{6D0966AF-BAE1-4CED-8521-C81AAE01338D}.Yilia-Release_x64|x86.Build.0 = Release|Any CPU
		{35A5D798-2D99-4F5E-B10A-D8E94A2DF153}.Biodeep_UNIX_x64|Any CPU.ActiveCfg = Release|Any CPU
		{35A5D798-2D99-4F5E-B10A-D8E94A2DF153}.Biodeep_UNIX_x64|Any CPU.Build.0 = Release|Any CPU
		{35A5D798-2D99-4F5E-B10A-D8E94A2DF153}.Biodeep_UNIX_x64|x64.ActiveCfg = Release|x64
		{35A5D798-2D99-4F5E-B10A-D8E94A2DF153}.Biodeep_UNIX_x64|x64.Build.0 = Release|x64
		{35A5D798-2D99-4F5E-B10A-D8E94A2DF153}.Biodeep_UNIX_x64|x86.ActiveCfg = Release|Any CPU
		{35A5D798-2D99-4F5E-B10A-D8E94A2DF153}.Biodeep_UNIX_x64|x86.Build.0 = Release|Any CPU
		{35A5D798-2D99-4F5E-B10A-D8E94A2DF153}.Biodeep|Any CPU.ActiveCfg = Release|Any CPU
		{35A5D798-2D99-4F5E-B10A-D8E94A2DF153}.Biodeep|Any CPU.Build.0 = Release|Any CPU
		{35A5D798-2D99-4F5E-B10A-D8E94A2DF153}.Biodeep|x64.ActiveCfg = Release|x64
		{35A5D798-2D99-4F5E-B10A-D8E94A2DF153}.Biodeep|x64.Build.0 = Release|x64
		{35A5D798-2D99-4F5E-B10A-D8E94A2DF153}.Biodeep|x86.ActiveCfg = Release|Any CPU
		{35A5D798-2D99-4F5E-B10A-D8E94A2DF153}.Biodeep|x86.Build.0 = Release|Any CPU
		{35A5D798-2D99-4F5E-B10A-D8E94A2DF153}.Debug|Any CPU.ActiveCfg = Debug|Any CPU
		{35A5D798-2D99-4F5E-B10A-D8E94A2DF153}.Debug|Any CPU.Build.0 = Debug|Any CPU
		{35A5D798-2D99-4F5E-B10A-D8E94A2DF153}.Debug|x64.ActiveCfg = Debug|x64
		{35A5D798-2D99-4F5E-B10A-D8E94A2DF153}.Debug|x64.Build.0 = Debug|x64
		{35A5D798-2D99-4F5E-B10A-D8E94A2DF153}.Debug|x86.ActiveCfg = Debug|Any CPU
		{35A5D798-2D99-4F5E-B10A-D8E94A2DF153}.Debug|x86.Build.0 = Debug|Any CPU
		{35A5D798-2D99-4F5E-B10A-D8E94A2DF153}.DEMO|Any CPU.ActiveCfg = Debug|Any CPU
		{35A5D798-2D99-4F5E-B10A-D8E94A2DF153}.DEMO|Any CPU.Build.0 = Debug|Any CPU
		{35A5D798-2D99-4F5E-B10A-D8E94A2DF153}.DEMO|x64.ActiveCfg = Debug|x64
		{35A5D798-2D99-4F5E-B10A-D8E94A2DF153}.DEMO|x64.Build.0 = Debug|x64
		{35A5D798-2D99-4F5E-B10A-D8E94A2DF153}.DEMO|x86.ActiveCfg = Debug|Any CPU
		{35A5D798-2D99-4F5E-B10A-D8E94A2DF153}.DEMO|x86.Build.0 = Debug|Any CPU
		{35A5D798-2D99-4F5E-B10A-D8E94A2DF153}.docs|Any CPU.ActiveCfg = Debug|Any CPU
		{35A5D798-2D99-4F5E-B10A-D8E94A2DF153}.docs|Any CPU.Build.0 = Debug|Any CPU
		{35A5D798-2D99-4F5E-B10A-D8E94A2DF153}.docs|x64.ActiveCfg = Debug|x64
		{35A5D798-2D99-4F5E-B10A-D8E94A2DF153}.docs|x64.Build.0 = Debug|x64
		{35A5D798-2D99-4F5E-B10A-D8E94A2DF153}.docs|x86.ActiveCfg = Debug|Any CPU
		{35A5D798-2D99-4F5E-B10A-D8E94A2DF153}.docs|x86.Build.0 = Debug|Any CPU
		{35A5D798-2D99-4F5E-B10A-D8E94A2DF153}.GCModeller(Release_X64)|Any CPU.ActiveCfg = Release|Any CPU
		{35A5D798-2D99-4F5E-B10A-D8E94A2DF153}.GCModeller(Release_X64)|Any CPU.Build.0 = Release|Any CPU
		{35A5D798-2D99-4F5E-B10A-D8E94A2DF153}.GCModeller(Release_X64)|x64.ActiveCfg = Release|x64
		{35A5D798-2D99-4F5E-B10A-D8E94A2DF153}.GCModeller(Release_X64)|x64.Build.0 = Release|x64
		{35A5D798-2D99-4F5E-B10A-D8E94A2DF153}.GCModeller(Release_X64)|x86.ActiveCfg = Release|Any CPU
		{35A5D798-2D99-4F5E-B10A-D8E94A2DF153}.GCModeller(Release_X64)|x86.Build.0 = Release|Any CPU
		{35A5D798-2D99-4F5E-B10A-D8E94A2DF153}.GCModeller(UNIX-Release_X64)|Any CPU.ActiveCfg = Release|Any CPU
		{35A5D798-2D99-4F5E-B10A-D8E94A2DF153}.GCModeller(UNIX-Release_X64)|Any CPU.Build.0 = Release|Any CPU
		{35A5D798-2D99-4F5E-B10A-D8E94A2DF153}.GCModeller(UNIX-Release_X64)|x64.ActiveCfg = Release|x64
		{35A5D798-2D99-4F5E-B10A-D8E94A2DF153}.GCModeller(UNIX-Release_X64)|x64.Build.0 = Release|x64
		{35A5D798-2D99-4F5E-B10A-D8E94A2DF153}.GCModeller(UNIX-Release_X64)|x86.ActiveCfg = Release|Any CPU
		{35A5D798-2D99-4F5E-B10A-D8E94A2DF153}.GCModeller(UNIX-Release_X64)|x86.Build.0 = Release|Any CPU
		{35A5D798-2D99-4F5E-B10A-D8E94A2DF153}.installer_x64|Any CPU.ActiveCfg = Release|Any CPU
		{35A5D798-2D99-4F5E-B10A-D8E94A2DF153}.installer_x64|Any CPU.Build.0 = Release|Any CPU
		{35A5D798-2D99-4F5E-B10A-D8E94A2DF153}.installer_x64|x64.ActiveCfg = Release|x64
		{35A5D798-2D99-4F5E-B10A-D8E94A2DF153}.installer_x64|x64.Build.0 = Release|x64
		{35A5D798-2D99-4F5E-B10A-D8E94A2DF153}.installer_x64|x86.ActiveCfg = Release|Any CPU
		{35A5D798-2D99-4F5E-B10A-D8E94A2DF153}.installer_x64|x86.Build.0 = Release|Any CPU
		{35A5D798-2D99-4F5E-B10A-D8E94A2DF153}.mysqli_X64_release|Any CPU.ActiveCfg = Release|Any CPU
		{35A5D798-2D99-4F5E-B10A-D8E94A2DF153}.mysqli_X64_release|Any CPU.Build.0 = Release|Any CPU
		{35A5D798-2D99-4F5E-B10A-D8E94A2DF153}.mysqli_X64_release|x64.ActiveCfg = Release|x64
		{35A5D798-2D99-4F5E-B10A-D8E94A2DF153}.mysqli_X64_release|x64.Build.0 = Release|x64
		{35A5D798-2D99-4F5E-B10A-D8E94A2DF153}.mysqli_X64_release|x86.ActiveCfg = Release|Any CPU
		{35A5D798-2D99-4F5E-B10A-D8E94A2DF153}.mysqli_X64_release|x86.Build.0 = Release|Any CPU
		{35A5D798-2D99-4F5E-B10A-D8E94A2DF153}.ProteoWizard.d|Any CPU.ActiveCfg = Release|Any CPU
		{35A5D798-2D99-4F5E-B10A-D8E94A2DF153}.ProteoWizard.d|Any CPU.Build.0 = Release|Any CPU
		{35A5D798-2D99-4F5E-B10A-D8E94A2DF153}.ProteoWizard.d|x64.ActiveCfg = Release|x64
		{35A5D798-2D99-4F5E-B10A-D8E94A2DF153}.ProteoWizard.d|x64.Build.0 = Release|x64
		{35A5D798-2D99-4F5E-B10A-D8E94A2DF153}.ProteoWizard.d|x86.ActiveCfg = Release|Any CPU
		{35A5D798-2D99-4F5E-B10A-D8E94A2DF153}.ProteoWizard.d|x86.Build.0 = Release|Any CPU
		{35A5D798-2D99-4F5E-B10A-D8E94A2DF153}.Publish|Any CPU.ActiveCfg = Release|Any CPU
		{35A5D798-2D99-4F5E-B10A-D8E94A2DF153}.Publish|Any CPU.Build.0 = Release|Any CPU
		{35A5D798-2D99-4F5E-B10A-D8E94A2DF153}.Publish|x64.ActiveCfg = Release|x64
		{35A5D798-2D99-4F5E-B10A-D8E94A2DF153}.Publish|x64.Build.0 = Release|x64
		{35A5D798-2D99-4F5E-B10A-D8E94A2DF153}.Publish|x86.ActiveCfg = Release|Any CPU
		{35A5D798-2D99-4F5E-B10A-D8E94A2DF153}.Publish|x86.Build.0 = Release|Any CPU
		{35A5D798-2D99-4F5E-B10A-D8E94A2DF153}.Release|Any CPU.ActiveCfg = Release|Any CPU
		{35A5D798-2D99-4F5E-B10A-D8E94A2DF153}.Release|Any CPU.Build.0 = Release|Any CPU
		{35A5D798-2D99-4F5E-B10A-D8E94A2DF153}.Release|x64.ActiveCfg = Release|x64
		{35A5D798-2D99-4F5E-B10A-D8E94A2DF153}.Release|x64.Build.0 = Release|x64
		{35A5D798-2D99-4F5E-B10A-D8E94A2DF153}.Release|x86.ActiveCfg = Release|Any CPU
		{35A5D798-2D99-4F5E-B10A-D8E94A2DF153}.Release|x86.Build.0 = Release|Any CPU
		{35A5D798-2D99-4F5E-B10A-D8E94A2DF153}.sciBASIC.NET-test-release|Any CPU.ActiveCfg = Release|Any CPU
		{35A5D798-2D99-4F5E-B10A-D8E94A2DF153}.sciBASIC.NET-test-release|Any CPU.Build.0 = Release|Any CPU
		{35A5D798-2D99-4F5E-B10A-D8E94A2DF153}.sciBASIC.NET-test-release|x64.ActiveCfg = Release|x64
		{35A5D798-2D99-4F5E-B10A-D8E94A2DF153}.sciBASIC.NET-test-release|x64.Build.0 = Release|x64
		{35A5D798-2D99-4F5E-B10A-D8E94A2DF153}.sciBASIC.NET-test-release|x86.ActiveCfg = Release|Any CPU
		{35A5D798-2D99-4F5E-B10A-D8E94A2DF153}.sciBASIC.NET-test-release|x86.Build.0 = Release|Any CPU
		{35A5D798-2D99-4F5E-B10A-D8E94A2DF153}.Surveillance-of-infectious-diseases|Any CPU.ActiveCfg = Release|Any CPU
		{35A5D798-2D99-4F5E-B10A-D8E94A2DF153}.Surveillance-of-infectious-diseases|Any CPU.Build.0 = Release|Any CPU
		{35A5D798-2D99-4F5E-B10A-D8E94A2DF153}.Surveillance-of-infectious-diseases|x64.ActiveCfg = Release|x64
		{35A5D798-2D99-4F5E-B10A-D8E94A2DF153}.Surveillance-of-infectious-diseases|x64.Build.0 = Release|x64
		{35A5D798-2D99-4F5E-B10A-D8E94A2DF153}.Surveillance-of-infectious-diseases|x86.ActiveCfg = Release|Any CPU
		{35A5D798-2D99-4F5E-B10A-D8E94A2DF153}.Surveillance-of-infectious-diseases|x86.Build.0 = Release|Any CPU
		{35A5D798-2D99-4F5E-B10A-D8E94A2DF153}.Yilia-Release_x64|Any CPU.ActiveCfg = Release|Any CPU
		{35A5D798-2D99-4F5E-B10A-D8E94A2DF153}.Yilia-Release_x64|Any CPU.Build.0 = Release|Any CPU
		{35A5D798-2D99-4F5E-B10A-D8E94A2DF153}.Yilia-Release_x64|x64.ActiveCfg = Release|x64
		{35A5D798-2D99-4F5E-B10A-D8E94A2DF153}.Yilia-Release_x64|x64.Build.0 = Release|x64
		{35A5D798-2D99-4F5E-B10A-D8E94A2DF153}.Yilia-Release_x64|x86.ActiveCfg = Release|Any CPU
		{35A5D798-2D99-4F5E-B10A-D8E94A2DF153}.Yilia-Release_x64|x86.Build.0 = Release|Any CPU
		{DDBF8ACE-48F3-412C-AA83-A231044AE2CB}.Biodeep_UNIX_x64|Any CPU.ActiveCfg = Release|Any CPU
		{DDBF8ACE-48F3-412C-AA83-A231044AE2CB}.Biodeep_UNIX_x64|Any CPU.Build.0 = Release|Any CPU
		{DDBF8ACE-48F3-412C-AA83-A231044AE2CB}.Biodeep_UNIX_x64|x64.ActiveCfg = Release|Any CPU
		{DDBF8ACE-48F3-412C-AA83-A231044AE2CB}.Biodeep_UNIX_x64|x64.Build.0 = Release|Any CPU
		{DDBF8ACE-48F3-412C-AA83-A231044AE2CB}.Biodeep_UNIX_x64|x86.ActiveCfg = Release|Any CPU
		{DDBF8ACE-48F3-412C-AA83-A231044AE2CB}.Biodeep_UNIX_x64|x86.Build.0 = Release|Any CPU
		{DDBF8ACE-48F3-412C-AA83-A231044AE2CB}.Biodeep|Any CPU.ActiveCfg = Release|Any CPU
		{DDBF8ACE-48F3-412C-AA83-A231044AE2CB}.Biodeep|Any CPU.Build.0 = Release|Any CPU
		{DDBF8ACE-48F3-412C-AA83-A231044AE2CB}.Biodeep|x64.ActiveCfg = Release|Any CPU
		{DDBF8ACE-48F3-412C-AA83-A231044AE2CB}.Biodeep|x64.Build.0 = Release|Any CPU
		{DDBF8ACE-48F3-412C-AA83-A231044AE2CB}.Biodeep|x86.ActiveCfg = Release|Any CPU
		{DDBF8ACE-48F3-412C-AA83-A231044AE2CB}.Biodeep|x86.Build.0 = Release|Any CPU
		{DDBF8ACE-48F3-412C-AA83-A231044AE2CB}.Debug|Any CPU.ActiveCfg = Debug|Any CPU
		{DDBF8ACE-48F3-412C-AA83-A231044AE2CB}.Debug|Any CPU.Build.0 = Debug|Any CPU
		{DDBF8ACE-48F3-412C-AA83-A231044AE2CB}.Debug|x64.ActiveCfg = Debug|Any CPU
		{DDBF8ACE-48F3-412C-AA83-A231044AE2CB}.Debug|x64.Build.0 = Debug|Any CPU
		{DDBF8ACE-48F3-412C-AA83-A231044AE2CB}.Debug|x86.ActiveCfg = Debug|Any CPU
		{DDBF8ACE-48F3-412C-AA83-A231044AE2CB}.Debug|x86.Build.0 = Debug|Any CPU
		{DDBF8ACE-48F3-412C-AA83-A231044AE2CB}.DEMO|Any CPU.ActiveCfg = Debug|Any CPU
		{DDBF8ACE-48F3-412C-AA83-A231044AE2CB}.DEMO|Any CPU.Build.0 = Debug|Any CPU
		{DDBF8ACE-48F3-412C-AA83-A231044AE2CB}.DEMO|x64.ActiveCfg = Debug|Any CPU
		{DDBF8ACE-48F3-412C-AA83-A231044AE2CB}.DEMO|x64.Build.0 = Debug|Any CPU
		{DDBF8ACE-48F3-412C-AA83-A231044AE2CB}.DEMO|x86.ActiveCfg = Debug|Any CPU
		{DDBF8ACE-48F3-412C-AA83-A231044AE2CB}.DEMO|x86.Build.0 = Debug|Any CPU
		{DDBF8ACE-48F3-412C-AA83-A231044AE2CB}.docs|Any CPU.ActiveCfg = Debug|Any CPU
		{DDBF8ACE-48F3-412C-AA83-A231044AE2CB}.docs|Any CPU.Build.0 = Debug|Any CPU
		{DDBF8ACE-48F3-412C-AA83-A231044AE2CB}.docs|x64.ActiveCfg = Debug|Any CPU
		{DDBF8ACE-48F3-412C-AA83-A231044AE2CB}.docs|x64.Build.0 = Debug|Any CPU
		{DDBF8ACE-48F3-412C-AA83-A231044AE2CB}.docs|x86.ActiveCfg = Debug|Any CPU
		{DDBF8ACE-48F3-412C-AA83-A231044AE2CB}.docs|x86.Build.0 = Debug|Any CPU
		{DDBF8ACE-48F3-412C-AA83-A231044AE2CB}.GCModeller(Release_X64)|Any CPU.ActiveCfg = Release|Any CPU
		{DDBF8ACE-48F3-412C-AA83-A231044AE2CB}.GCModeller(Release_X64)|Any CPU.Build.0 = Release|Any CPU
		{DDBF8ACE-48F3-412C-AA83-A231044AE2CB}.GCModeller(Release_X64)|x64.ActiveCfg = Release|Any CPU
		{DDBF8ACE-48F3-412C-AA83-A231044AE2CB}.GCModeller(Release_X64)|x64.Build.0 = Release|Any CPU
		{DDBF8ACE-48F3-412C-AA83-A231044AE2CB}.GCModeller(Release_X64)|x86.ActiveCfg = Release|Any CPU
		{DDBF8ACE-48F3-412C-AA83-A231044AE2CB}.GCModeller(Release_X64)|x86.Build.0 = Release|Any CPU
		{DDBF8ACE-48F3-412C-AA83-A231044AE2CB}.GCModeller(UNIX-Release_X64)|Any CPU.ActiveCfg = Release|Any CPU
		{DDBF8ACE-48F3-412C-AA83-A231044AE2CB}.GCModeller(UNIX-Release_X64)|Any CPU.Build.0 = Release|Any CPU
		{DDBF8ACE-48F3-412C-AA83-A231044AE2CB}.GCModeller(UNIX-Release_X64)|x64.ActiveCfg = Release|Any CPU
		{DDBF8ACE-48F3-412C-AA83-A231044AE2CB}.GCModeller(UNIX-Release_X64)|x64.Build.0 = Release|Any CPU
		{DDBF8ACE-48F3-412C-AA83-A231044AE2CB}.GCModeller(UNIX-Release_X64)|x86.ActiveCfg = Release|Any CPU
		{DDBF8ACE-48F3-412C-AA83-A231044AE2CB}.GCModeller(UNIX-Release_X64)|x86.Build.0 = Release|Any CPU
		{DDBF8ACE-48F3-412C-AA83-A231044AE2CB}.installer_x64|Any CPU.ActiveCfg = Release|Any CPU
		{DDBF8ACE-48F3-412C-AA83-A231044AE2CB}.installer_x64|Any CPU.Build.0 = Release|Any CPU
		{DDBF8ACE-48F3-412C-AA83-A231044AE2CB}.installer_x64|x64.ActiveCfg = Release|Any CPU
		{DDBF8ACE-48F3-412C-AA83-A231044AE2CB}.installer_x64|x64.Build.0 = Release|Any CPU
		{DDBF8ACE-48F3-412C-AA83-A231044AE2CB}.installer_x64|x86.ActiveCfg = Release|Any CPU
		{DDBF8ACE-48F3-412C-AA83-A231044AE2CB}.installer_x64|x86.Build.0 = Release|Any CPU
		{DDBF8ACE-48F3-412C-AA83-A231044AE2CB}.mysqli_X64_release|Any CPU.ActiveCfg = Release|Any CPU
		{DDBF8ACE-48F3-412C-AA83-A231044AE2CB}.mysqli_X64_release|Any CPU.Build.0 = Release|Any CPU
		{DDBF8ACE-48F3-412C-AA83-A231044AE2CB}.mysqli_X64_release|x64.ActiveCfg = Release|Any CPU
		{DDBF8ACE-48F3-412C-AA83-A231044AE2CB}.mysqli_X64_release|x64.Build.0 = Release|Any CPU
		{DDBF8ACE-48F3-412C-AA83-A231044AE2CB}.mysqli_X64_release|x86.ActiveCfg = Release|Any CPU
		{DDBF8ACE-48F3-412C-AA83-A231044AE2CB}.mysqli_X64_release|x86.Build.0 = Release|Any CPU
		{DDBF8ACE-48F3-412C-AA83-A231044AE2CB}.ProteoWizard.d|Any CPU.ActiveCfg = Release|Any CPU
		{DDBF8ACE-48F3-412C-AA83-A231044AE2CB}.ProteoWizard.d|Any CPU.Build.0 = Release|Any CPU
		{DDBF8ACE-48F3-412C-AA83-A231044AE2CB}.ProteoWizard.d|x64.ActiveCfg = Release|Any CPU
		{DDBF8ACE-48F3-412C-AA83-A231044AE2CB}.ProteoWizard.d|x64.Build.0 = Release|Any CPU
		{DDBF8ACE-48F3-412C-AA83-A231044AE2CB}.ProteoWizard.d|x86.ActiveCfg = Release|Any CPU
		{DDBF8ACE-48F3-412C-AA83-A231044AE2CB}.ProteoWizard.d|x86.Build.0 = Release|Any CPU
		{DDBF8ACE-48F3-412C-AA83-A231044AE2CB}.Publish|Any CPU.ActiveCfg = Release|Any CPU
		{DDBF8ACE-48F3-412C-AA83-A231044AE2CB}.Publish|Any CPU.Build.0 = Release|Any CPU
		{DDBF8ACE-48F3-412C-AA83-A231044AE2CB}.Publish|x64.ActiveCfg = Release|Any CPU
		{DDBF8ACE-48F3-412C-AA83-A231044AE2CB}.Publish|x64.Build.0 = Release|Any CPU
		{DDBF8ACE-48F3-412C-AA83-A231044AE2CB}.Publish|x86.ActiveCfg = Release|Any CPU
		{DDBF8ACE-48F3-412C-AA83-A231044AE2CB}.Publish|x86.Build.0 = Release|Any CPU
		{DDBF8ACE-48F3-412C-AA83-A231044AE2CB}.Release|Any CPU.ActiveCfg = Release|Any CPU
		{DDBF8ACE-48F3-412C-AA83-A231044AE2CB}.Release|Any CPU.Build.0 = Release|Any CPU
		{DDBF8ACE-48F3-412C-AA83-A231044AE2CB}.Release|x64.ActiveCfg = Release|Any CPU
		{DDBF8ACE-48F3-412C-AA83-A231044AE2CB}.Release|x64.Build.0 = Release|Any CPU
		{DDBF8ACE-48F3-412C-AA83-A231044AE2CB}.Release|x86.ActiveCfg = Release|Any CPU
		{DDBF8ACE-48F3-412C-AA83-A231044AE2CB}.Release|x86.Build.0 = Release|Any CPU
		{DDBF8ACE-48F3-412C-AA83-A231044AE2CB}.sciBASIC.NET-test-release|Any CPU.ActiveCfg = Release|Any CPU
		{DDBF8ACE-48F3-412C-AA83-A231044AE2CB}.sciBASIC.NET-test-release|Any CPU.Build.0 = Release|Any CPU
		{DDBF8ACE-48F3-412C-AA83-A231044AE2CB}.sciBASIC.NET-test-release|x64.ActiveCfg = Release|Any CPU
		{DDBF8ACE-48F3-412C-AA83-A231044AE2CB}.sciBASIC.NET-test-release|x64.Build.0 = Release|Any CPU
		{DDBF8ACE-48F3-412C-AA83-A231044AE2CB}.sciBASIC.NET-test-release|x86.ActiveCfg = Release|Any CPU
		{DDBF8ACE-48F3-412C-AA83-A231044AE2CB}.sciBASIC.NET-test-release|x86.Build.0 = Release|Any CPU
		{DDBF8ACE-48F3-412C-AA83-A231044AE2CB}.Surveillance-of-infectious-diseases|Any CPU.ActiveCfg = Release|Any CPU
		{DDBF8ACE-48F3-412C-AA83-A231044AE2CB}.Surveillance-of-infectious-diseases|Any CPU.Build.0 = Release|Any CPU
		{DDBF8ACE-48F3-412C-AA83-A231044AE2CB}.Surveillance-of-infectious-diseases|x64.ActiveCfg = Release|Any CPU
		{DDBF8ACE-48F3-412C-AA83-A231044AE2CB}.Surveillance-of-infectious-diseases|x64.Build.0 = Release|Any CPU
		{DDBF8ACE-48F3-412C-AA83-A231044AE2CB}.Surveillance-of-infectious-diseases|x86.ActiveCfg = Release|Any CPU
		{DDBF8ACE-48F3-412C-AA83-A231044AE2CB}.Surveillance-of-infectious-diseases|x86.Build.0 = Release|Any CPU
		{DDBF8ACE-48F3-412C-AA83-A231044AE2CB}.Yilia-Release_x64|Any CPU.ActiveCfg = Release|Any CPU
		{DDBF8ACE-48F3-412C-AA83-A231044AE2CB}.Yilia-Release_x64|Any CPU.Build.0 = Release|Any CPU
		{DDBF8ACE-48F3-412C-AA83-A231044AE2CB}.Yilia-Release_x64|x64.ActiveCfg = Release|Any CPU
		{DDBF8ACE-48F3-412C-AA83-A231044AE2CB}.Yilia-Release_x64|x64.Build.0 = Release|Any CPU
		{DDBF8ACE-48F3-412C-AA83-A231044AE2CB}.Yilia-Release_x64|x86.ActiveCfg = Release|Any CPU
		{DDBF8ACE-48F3-412C-AA83-A231044AE2CB}.Yilia-Release_x64|x86.Build.0 = Release|Any CPU
	EndGlobalSection
	GlobalSection(SolutionProperties) = preSolution
		HideSolutionNode = FALSE
	EndGlobalSection
	GlobalSection(NestedProjects) = preSolution
		{90379434-C390-440C-AC0C-5E455E6C2675} = {1AE0E44D-B058-432D-A00D-AC55F863FDC9}
		{FECCE1FD-E1D4-49E3-A668-60BB5E7AED99} = {CB458A75-2590-4E29-A577-972D2C4878A0}
		{487D7C92-D05A-4908-BF81-E6BABA0BF592} = {CB458A75-2590-4E29-A577-972D2C4878A0}
		{AC2E577B-1D0B-4165-9135-EA5569AA278F} = {1AE0E44D-B058-432D-A00D-AC55F863FDC9}
		{C840C033-DA67-4F97-971D-439629A279FC} = {1AE0E44D-B058-432D-A00D-AC55F863FDC9}
		{6D0966AF-BAE1-4CED-8521-C81AAE01338D} = {1AE0E44D-B058-432D-A00D-AC55F863FDC9}
		{35A5D798-2D99-4F5E-B10A-D8E94A2DF153} = {1AE0E44D-B058-432D-A00D-AC55F863FDC9}
		{DDBF8ACE-48F3-412C-AA83-A231044AE2CB} = {1AE0E44D-B058-432D-A00D-AC55F863FDC9}
	EndGlobalSection
	GlobalSection(ExtensibilityGlobals) = postSolution
		SolutionGuid = {A6DECEC8-EADE-4027-A8B4-60F678E638D4}
	EndGlobalSection
EndGlobal
